// !$*UTF8*$!
{
	archiveVersion = 1;
	classes = {
	};
	objectVersion = 46;
	objects = {

/* Begin PBXBuildFile section */
		1A260FE81AA4F2B900FEBFDE /* main.m in Sources */ = {isa = PBXBuildFile; fileRef = 1A260FE71AA4F2B900FEBFDE /* main.m */; };
		1A260FEB1AA4F2B900FEBFDE /* AppDelegate.m in Sources */ = {isa = PBXBuildFile; fileRef = 1A260FEA1AA4F2B900FEBFDE /* AppDelegate.m */; };
		1A260FEE1AA4F2B900FEBFDE /* ViewController.m in Sources */ = {isa = PBXBuildFile; fileRef = 1A260FED1AA4F2B900FEBFDE /* ViewController.m */; };
		1A260FF11AA4F2B900FEBFDE /* Main.storyboard in Resources */ = {isa = PBXBuildFile; fileRef = 1A260FEF1AA4F2B900FEBFDE /* Main.storyboard */; };
		1A260FF31AA4F2B900FEBFDE /* Images.xcassets in Resources */ = {isa = PBXBuildFile; fileRef = 1A260FF21AA4F2B900FEBFDE /* Images.xcassets */; };
		1A260FF61AA4F2B900FEBFDE /* LaunchScreen.xib in Resources */ = {isa = PBXBuildFile; fileRef = 1A260FF41AA4F2B900FEBFDE /* LaunchScreen.xib */; };
		1A2610021AA4F2B900FEBFDE /* JiraConnectorTests.m in Sources */ = {isa = PBXBuildFile; fileRef = 1A2610011AA4F2B900FEBFDE /* JiraConnectorTests.m */; };
		1A6CC2711C88FC47005CCF1E /* Authorization.m in Sources */ = {isa = PBXBuildFile; fileRef = 1A6CC2701C88FC47005CCF1E /* Authorization.m */; };
		1A6CC2741C88FC63005CCF1E /* LoginInfo.m in Sources */ = {isa = PBXBuildFile; fileRef = 1A6CC2731C88FC63005CCF1E /* LoginInfo.m */; };
		611A3F9A1AE14A8D00F8AF62 /* JiraAttachment.m in Sources */ = {isa = PBXBuildFile; fileRef = 611A3F991AE14A8D00F8AF62 /* JiraAttachment.m */; };
		611A3F9D1AE14E7700F8AF62 /* Attachment.m in Sources */ = {isa = PBXBuildFile; fileRef = 611A3F9C1AE14E7700F8AF62 /* Attachment.m */; };
		6196E3D71AE013D200E74829 /* JiraConnector.m in Sources */ = {isa = PBXBuildFile; fileRef = 6196E3D41AE013D200E74829 /* JiraConnector.m */; };
		6196E3D81AE013D200E74829 /* NetworkManager.m in Sources */ = {isa = PBXBuildFile; fileRef = 6196E3D61AE013D200E74829 /* NetworkManager.m */; };
		6196E3F11AE013DF00E74829 /* JCBaseViewController.m in Sources */ = {isa = PBXBuildFile; fileRef = 6196E3DB1AE013DF00E74829 /* JCBaseViewController.m */; };
		6196E3F21AE013DF00E74829 /* JCCreateIssueViewController.m in Sources */ = {isa = PBXBuildFile; fileRef = 6196E3DD1AE013DF00E74829 /* JCCreateIssueViewController.m */; };
		6196E3F31AE013DF00E74829 /* JCCreateIssueViewController.xib in Resources */ = {isa = PBXBuildFile; fileRef = 6196E3DE1AE013DF00E74829 /* JCCreateIssueViewController.xib */; };
		6196E3F41AE013DF00E74829 /* JCFinalViewController.m in Sources */ = {isa = PBXBuildFile; fileRef = 6196E3E01AE013DF00E74829 /* JCFinalViewController.m */; };
		6196E3F51AE013DF00E74829 /* JCFinalViewController.xib in Resources */ = {isa = PBXBuildFile; fileRef = 6196E3E11AE013DF00E74829 /* JCFinalViewController.xib */; };
		6196E3F61AE013DF00E74829 /* JCLoginViewController.m in Sources */ = {isa = PBXBuildFile; fileRef = 6196E3E31AE013DF00E74829 /* JCLoginViewController.m */; };
		6196E3F71AE013DF00E74829 /* JCLoginViewController.xib in Resources */ = {isa = PBXBuildFile; fileRef = 6196E3E41AE013DF00E74829 /* JCLoginViewController.xib */; };
		6196E3F81AE013DF00E74829 /* JCNavigationController.m in Sources */ = {isa = PBXBuildFile; fileRef = 6196E3E61AE013DF00E74829 /* JCNavigationController.m */; };
		6196E3F91AE013DF00E74829 /* JCProjectsViewController.m in Sources */ = {isa = PBXBuildFile; fileRef = 6196E3E81AE013DF00E74829 /* JCProjectsViewController.m */; };
		6196E3FA1AE013DF00E74829 /* JCProjectsViewController.xib in Resources */ = {isa = PBXBuildFile; fileRef = 6196E3E91AE013DF00E74829 /* JCProjectsViewController.xib */; };
		6196E3FB1AE013DF00E74829 /* JCSelectItemViewController.m in Sources */ = {isa = PBXBuildFile; fileRef = 6196E3EB1AE013DF00E74829 /* JCSelectItemViewController.m */; };
		6196E3FC1AE013DF00E74829 /* JCSelectItemViewController.xib in Resources */ = {isa = PBXBuildFile; fileRef = 6196E3EC1AE013DF00E74829 /* JCSelectItemViewController.xib */; };
		6196E3FD1AE013DF00E74829 /* JCTextContainerViewController.m in Sources */ = {isa = PBXBuildFile; fileRef = 6196E3EE1AE013DF00E74829 /* JCTextContainerViewController.m */; };
		6196E3FE1AE013DF00E74829 /* JCTextContainerViewController.xib in Resources */ = {isa = PBXBuildFile; fileRef = 6196E3EF1AE013DF00E74829 /* JCTextContainerViewController.xib */; };
		6196E4161AE013EE00E74829 /* AvatarUrls.m in Sources */ = {isa = PBXBuildFile; fileRef = 6196E4001AE013EE00E74829 /* AvatarUrls.m */; };
		6196E4171AE013EE00E74829 /* BaseModel.m in Sources */ = {isa = PBXBuildFile; fileRef = 6196E4021AE013EE00E74829 /* BaseModel.m */; };
		6196E4181AE013EE00E74829 /* Component.m in Sources */ = {isa = PBXBuildFile; fileRef = 6196E4041AE013EE00E74829 /* Component.m */; };
		6196E4191AE013EE00E74829 /* Fields.m in Sources */ = {isa = PBXBuildFile; fileRef = 6196E4061AE013EE00E74829 /* Fields.m */; };
		6196E41A1AE013EE00E74829 /* Issue.m in Sources */ = {isa = PBXBuildFile; fileRef = 6196E4081AE013EE00E74829 /* Issue.m */; };
		6196E41B1AE013EE00E74829 /* IssueType.m in Sources */ = {isa = PBXBuildFile; fileRef = 6196E40A1AE013EE00E74829 /* IssueType.m */; };
		6196E41D1AE013EE00E74829 /* Priority.m in Sources */ = {isa = PBXBuildFile; fileRef = 6196E40F1AE013EE00E74829 /* Priority.m */; };
		6196E41E1AE013EE00E74829 /* Project.m in Sources */ = {isa = PBXBuildFile; fileRef = 6196E4111AE013EE00E74829 /* Project.m */; };
		6196E41F1AE013EE00E74829 /* User.m in Sources */ = {isa = PBXBuildFile; fileRef = 6196E4131AE013EE00E74829 /* User.m */; };
		6196E4201AE013EE00E74829 /* Version.m in Sources */ = {isa = PBXBuildFile; fileRef = 6196E4151AE013EE00E74829 /* Version.m */; };
		6196E4251AE013F900E74829 /* JCButton.m in Sources */ = {isa = PBXBuildFile; fileRef = 6196E4221AE013F900E74829 /* JCButton.m */; };
		6196E4261AE013F900E74829 /* JCTextField.m in Sources */ = {isa = PBXBuildFile; fileRef = 6196E4241AE013F900E74829 /* JCTextField.m */; };
		61DCE8891AE52245009AC044 /* JCAttachmentsViewController.m in Sources */ = {isa = PBXBuildFile; fileRef = 61DCE8871AE52245009AC044 /* JCAttachmentsViewController.m */; };
		61DCE88A1AE52245009AC044 /* JCAttachmentsViewController.xib in Resources */ = {isa = PBXBuildFile; fileRef = 61DCE8881AE52245009AC044 /* JCAttachmentsViewController.xib */; };
		B163058410470B8EA72CFB19 /* libPods.a in Frameworks */ = {isa = PBXBuildFile; fileRef = 43298A5880ACC97D75A8C049 /* libPods.a */; };
/* End PBXBuildFile section */

/* Begin PBXContainerItemProxy section */
		1A260FFC1AA4F2B900FEBFDE /* PBXContainerItemProxy */ = {
			isa = PBXContainerItemProxy;
			containerPortal = 1A260FDA1AA4F2B900FEBFDE /* Project object */;
			proxyType = 1;
			remoteGlobalIDString = 1A260FE11AA4F2B900FEBFDE;
			remoteInfo = JiraConnector;
		};
/* End PBXContainerItemProxy section */

/* Begin PBXFileReference section */
		1A23621E1C878EA4002E1644 /* APIConstants.h */ = {isa = PBXFileReference; fileEncoding = 4; lastKnownFileType = sourcecode.c.h; path = APIConstants.h; sourceTree = "<group>"; };
		1A260FE21AA4F2B900FEBFDE /* JiraConnector.app */ = {isa = PBXFileReference; explicitFileType = wrapper.application; includeInIndex = 0; path = JiraConnector.app; sourceTree = BUILT_PRODUCTS_DIR; };
		1A260FE61AA4F2B900FEBFDE /* Info.plist */ = {isa = PBXFileReference; lastKnownFileType = text.plist.xml; path = Info.plist; sourceTree = "<group>"; };
		1A260FE71AA4F2B900FEBFDE /* main.m */ = {isa = PBXFileReference; lastKnownFileType = sourcecode.c.objc; path = main.m; sourceTree = "<group>"; };
		1A260FE91AA4F2B900FEBFDE /* AppDelegate.h */ = {isa = PBXFileReference; lastKnownFileType = sourcecode.c.h; path = AppDelegate.h; sourceTree = "<group>"; };
		1A260FEA1AA4F2B900FEBFDE /* AppDelegate.m */ = {isa = PBXFileReference; lastKnownFileType = sourcecode.c.objc; path = AppDelegate.m; sourceTree = "<group>"; };
		1A260FEC1AA4F2B900FEBFDE /* ViewController.h */ = {isa = PBXFileReference; lastKnownFileType = sourcecode.c.h; path = ViewController.h; sourceTree = "<group>"; };
		1A260FED1AA4F2B900FEBFDE /* ViewController.m */ = {isa = PBXFileReference; lastKnownFileType = sourcecode.c.objc; path = ViewController.m; sourceTree = "<group>"; };
		1A260FF01AA4F2B900FEBFDE /* Base */ = {isa = PBXFileReference; lastKnownFileType = file.storyboard; name = Base; path = Base.lproj/Main.storyboard; sourceTree = "<group>"; };
		1A260FF21AA4F2B900FEBFDE /* Images.xcassets */ = {isa = PBXFileReference; lastKnownFileType = folder.assetcatalog; path = Images.xcassets; sourceTree = "<group>"; };
		1A260FF51AA4F2B900FEBFDE /* Base */ = {isa = PBXFileReference; lastKnownFileType = file.xib; name = Base; path = Base.lproj/LaunchScreen.xib; sourceTree = "<group>"; };
		1A260FFB1AA4F2B900FEBFDE /* JiraConnectorTests.xctest */ = {isa = PBXFileReference; explicitFileType = wrapper.cfbundle; includeInIndex = 0; path = JiraConnectorTests.xctest; sourceTree = BUILT_PRODUCTS_DIR; };
		1A2610001AA4F2B900FEBFDE /* Info.plist */ = {isa = PBXFileReference; lastKnownFileType = text.plist.xml; path = Info.plist; sourceTree = "<group>"; };
		1A2610011AA4F2B900FEBFDE /* JiraConnectorTests.m */ = {isa = PBXFileReference; lastKnownFileType = sourcecode.c.objc; path = JiraConnectorTests.m; sourceTree = "<group>"; };
		1A6CC26F1C88FC47005CCF1E /* Authorization.h */ = {isa = PBXFileReference; fileEncoding = 4; lastKnownFileType = sourcecode.c.h; path = Authorization.h; sourceTree = "<group>"; };
		1A6CC2701C88FC47005CCF1E /* Authorization.m */ = {isa = PBXFileReference; fileEncoding = 4; lastKnownFileType = sourcecode.c.objc; path = Authorization.m; sourceTree = "<group>"; };
		1A6CC2721C88FC63005CCF1E /* LoginInfo.h */ = {isa = PBXFileReference; fileEncoding = 4; lastKnownFileType = sourcecode.c.h; path = LoginInfo.h; sourceTree = "<group>"; };
		1A6CC2731C88FC63005CCF1E /* LoginInfo.m */ = {isa = PBXFileReference; fileEncoding = 4; lastKnownFileType = sourcecode.c.objc; path = LoginInfo.m; sourceTree = "<group>"; };
		43298A5880ACC97D75A8C049 /* libPods.a */ = {isa = PBXFileReference; explicitFileType = archive.ar; includeInIndex = 0; path = libPods.a; sourceTree = BUILT_PRODUCTS_DIR; };
		611A3F981AE14A8D00F8AF62 /* JiraAttachment.h */ = {isa = PBXFileReference; fileEncoding = 4; lastKnownFileType = sourcecode.c.h; path = JiraAttachment.h; sourceTree = "<group>"; };
		611A3F991AE14A8D00F8AF62 /* JiraAttachment.m */ = {isa = PBXFileReference; fileEncoding = 4; lastKnownFileType = sourcecode.c.objc; path = JiraAttachment.m; sourceTree = "<group>"; };
		611A3F9B1AE14E7700F8AF62 /* Attachment.h */ = {isa = PBXFileReference; fileEncoding = 4; lastKnownFileType = sourcecode.c.h; path = Attachment.h; sourceTree = "<group>"; };
		611A3F9C1AE14E7700F8AF62 /* Attachment.m */ = {isa = PBXFileReference; fileEncoding = 4; lastKnownFileType = sourcecode.c.objc; path = Attachment.m; sourceTree = "<group>"; };
		6196E3D21AE013D200E74829 /* CWLSynthesizeSingleton.h */ = {isa = PBXFileReference; fileEncoding = 4; lastKnownFileType = sourcecode.c.h; path = CWLSynthesizeSingleton.h; sourceTree = "<group>"; };
		6196E3D31AE013D200E74829 /* JiraConnector.h */ = {isa = PBXFileReference; fileEncoding = 4; lastKnownFileType = sourcecode.c.h; path = JiraConnector.h; sourceTree = "<group>"; };
		6196E3D41AE013D200E74829 /* JiraConnector.m */ = {isa = PBXFileReference; fileEncoding = 4; lastKnownFileType = sourcecode.c.objc; path = JiraConnector.m; sourceTree = "<group>"; };
		6196E3D51AE013D200E74829 /* NetworkManager.h */ = {isa = PBXFileReference; fileEncoding = 4; lastKnownFileType = sourcecode.c.h; path = NetworkManager.h; sourceTree = "<group>"; };
		6196E3D61AE013D200E74829 /* NetworkManager.m */ = {isa = PBXFileReference; fileEncoding = 4; lastKnownFileType = sourcecode.c.objc; path = NetworkManager.m; sourceTree = "<group>"; };
		6196E3D91AE013DF00E74829 /* Constants.h */ = {isa = PBXFileReference; fileEncoding = 4; lastKnownFileType = sourcecode.c.h; path = Constants.h; sourceTree = "<group>"; };
		6196E3DA1AE013DF00E74829 /* JCBaseViewController.h */ = {isa = PBXFileReference; fileEncoding = 4; lastKnownFileType = sourcecode.c.h; path = JCBaseViewController.h; sourceTree = "<group>"; };
		6196E3DB1AE013DF00E74829 /* JCBaseViewController.m */ = {isa = PBXFileReference; fileEncoding = 4; lastKnownFileType = sourcecode.c.objc; path = JCBaseViewController.m; sourceTree = "<group>"; };
		6196E3DC1AE013DF00E74829 /* JCCreateIssueViewController.h */ = {isa = PBXFileReference; fileEncoding = 4; lastKnownFileType = sourcecode.c.h; path = JCCreateIssueViewController.h; sourceTree = "<group>"; };
		6196E3DD1AE013DF00E74829 /* JCCreateIssueViewController.m */ = {isa = PBXFileReference; fileEncoding = 4; lastKnownFileType = sourcecode.c.objc; path = JCCreateIssueViewController.m; sourceTree = "<group>"; };
		6196E3DE1AE013DF00E74829 /* JCCreateIssueViewController.xib */ = {isa = PBXFileReference; fileEncoding = 4; lastKnownFileType = file.xib; path = JCCreateIssueViewController.xib; sourceTree = "<group>"; };
		6196E3DF1AE013DF00E74829 /* JCFinalViewController.h */ = {isa = PBXFileReference; fileEncoding = 4; lastKnownFileType = sourcecode.c.h; path = JCFinalViewController.h; sourceTree = "<group>"; };
		6196E3E01AE013DF00E74829 /* JCFinalViewController.m */ = {isa = PBXFileReference; fileEncoding = 4; lastKnownFileType = sourcecode.c.objc; path = JCFinalViewController.m; sourceTree = "<group>"; };
		6196E3E11AE013DF00E74829 /* JCFinalViewController.xib */ = {isa = PBXFileReference; fileEncoding = 4; lastKnownFileType = file.xib; path = JCFinalViewController.xib; sourceTree = "<group>"; };
		6196E3E21AE013DF00E74829 /* JCLoginViewController.h */ = {isa = PBXFileReference; fileEncoding = 4; lastKnownFileType = sourcecode.c.h; path = JCLoginViewController.h; sourceTree = "<group>"; };
		6196E3E31AE013DF00E74829 /* JCLoginViewController.m */ = {isa = PBXFileReference; fileEncoding = 4; lastKnownFileType = sourcecode.c.objc; path = JCLoginViewController.m; sourceTree = "<group>"; };
		6196E3E41AE013DF00E74829 /* JCLoginViewController.xib */ = {isa = PBXFileReference; fileEncoding = 4; lastKnownFileType = file.xib; path = JCLoginViewController.xib; sourceTree = "<group>"; };
		6196E3E51AE013DF00E74829 /* JCNavigationController.h */ = {isa = PBXFileReference; fileEncoding = 4; lastKnownFileType = sourcecode.c.h; path = JCNavigationController.h; sourceTree = "<group>"; };
		6196E3E61AE013DF00E74829 /* JCNavigationController.m */ = {isa = PBXFileReference; fileEncoding = 4; lastKnownFileType = sourcecode.c.objc; path = JCNavigationController.m; sourceTree = "<group>"; };
		6196E3E71AE013DF00E74829 /* JCProjectsViewController.h */ = {isa = PBXFileReference; fileEncoding = 4; lastKnownFileType = sourcecode.c.h; path = JCProjectsViewController.h; sourceTree = "<group>"; };
		6196E3E81AE013DF00E74829 /* JCProjectsViewController.m */ = {isa = PBXFileReference; fileEncoding = 4; lastKnownFileType = sourcecode.c.objc; path = JCProjectsViewController.m; sourceTree = "<group>"; };
		6196E3E91AE013DF00E74829 /* JCProjectsViewController.xib */ = {isa = PBXFileReference; fileEncoding = 4; lastKnownFileType = file.xib; path = JCProjectsViewController.xib; sourceTree = "<group>"; };
		6196E3EA1AE013DF00E74829 /* JCSelectItemViewController.h */ = {isa = PBXFileReference; fileEncoding = 4; lastKnownFileType = sourcecode.c.h; path = JCSelectItemViewController.h; sourceTree = "<group>"; };
		6196E3EB1AE013DF00E74829 /* JCSelectItemViewController.m */ = {isa = PBXFileReference; fileEncoding = 4; lastKnownFileType = sourcecode.c.objc; path = JCSelectItemViewController.m; sourceTree = "<group>"; };
		6196E3EC1AE013DF00E74829 /* JCSelectItemViewController.xib */ = {isa = PBXFileReference; fileEncoding = 4; lastKnownFileType = file.xib; path = JCSelectItemViewController.xib; sourceTree = "<group>"; };
		6196E3ED1AE013DF00E74829 /* JCTextContainerViewController.h */ = {isa = PBXFileReference; fileEncoding = 4; lastKnownFileType = sourcecode.c.h; path = JCTextContainerViewController.h; sourceTree = "<group>"; };
		6196E3EE1AE013DF00E74829 /* JCTextContainerViewController.m */ = {isa = PBXFileReference; fileEncoding = 4; lastKnownFileType = sourcecode.c.objc; path = JCTextContainerViewController.m; sourceTree = "<group>"; };
		6196E3EF1AE013DF00E74829 /* JCTextContainerViewController.xib */ = {isa = PBXFileReference; fileEncoding = 4; lastKnownFileType = file.xib; path = JCTextContainerViewController.xib; sourceTree = "<group>"; };
		6196E3F01AE013DF00E74829 /* Protocols.h */ = {isa = PBXFileReference; fileEncoding = 4; lastKnownFileType = sourcecode.c.h; path = Protocols.h; sourceTree = "<group>"; };
		6196E3FF1AE013EE00E74829 /* AvatarUrls.h */ = {isa = PBXFileReference; fileEncoding = 4; lastKnownFileType = sourcecode.c.h; path = AvatarUrls.h; sourceTree = "<group>"; };
		6196E4001AE013EE00E74829 /* AvatarUrls.m */ = {isa = PBXFileReference; fileEncoding = 4; lastKnownFileType = sourcecode.c.objc; path = AvatarUrls.m; sourceTree = "<group>"; };
		6196E4011AE013EE00E74829 /* BaseModel.h */ = {isa = PBXFileReference; fileEncoding = 4; lastKnownFileType = sourcecode.c.h; path = BaseModel.h; sourceTree = "<group>"; };
		6196E4021AE013EE00E74829 /* BaseModel.m */ = {isa = PBXFileReference; fileEncoding = 4; lastKnownFileType = sourcecode.c.objc; path = BaseModel.m; sourceTree = "<group>"; };
		6196E4031AE013EE00E74829 /* Component.h */ = {isa = PBXFileReference; fileEncoding = 4; lastKnownFileType = sourcecode.c.h; path = Component.h; sourceTree = "<group>"; };
		6196E4041AE013EE00E74829 /* Component.m */ = {isa = PBXFileReference; fileEncoding = 4; lastKnownFileType = sourcecode.c.objc; path = Component.m; sourceTree = "<group>"; };
		6196E4051AE013EE00E74829 /* Fields.h */ = {isa = PBXFileReference; fileEncoding = 4; lastKnownFileType = sourcecode.c.h; path = Fields.h; sourceTree = "<group>"; };
		6196E4061AE013EE00E74829 /* Fields.m */ = {isa = PBXFileReference; fileEncoding = 4; lastKnownFileType = sourcecode.c.objc; path = Fields.m; sourceTree = "<group>"; };
		6196E4071AE013EE00E74829 /* Issue.h */ = {isa = PBXFileReference; fileEncoding = 4; lastKnownFileType = sourcecode.c.h; path = Issue.h; sourceTree = "<group>"; };
		6196E4081AE013EE00E74829 /* Issue.m */ = {isa = PBXFileReference; fileEncoding = 4; lastKnownFileType = sourcecode.c.objc; path = Issue.m; sourceTree = "<group>"; };
		6196E4091AE013EE00E74829 /* IssueType.h */ = {isa = PBXFileReference; fileEncoding = 4; lastKnownFileType = sourcecode.c.h; path = IssueType.h; sourceTree = "<group>"; };
		6196E40A1AE013EE00E74829 /* IssueType.m */ = {isa = PBXFileReference; fileEncoding = 4; lastKnownFileType = sourcecode.c.objc; path = IssueType.m; sourceTree = "<group>"; };
		6196E40D1AE013EE00E74829 /* Models.h */ = {isa = PBXFileReference; fileEncoding = 4; lastKnownFileType = sourcecode.c.h; path = Models.h; sourceTree = "<group>"; };
		6196E40E1AE013EE00E74829 /* Priority.h */ = {isa = PBXFileReference; fileEncoding = 4; lastKnownFileType = sourcecode.c.h; path = Priority.h; sourceTree = "<group>"; };
		6196E40F1AE013EE00E74829 /* Priority.m */ = {isa = PBXFileReference; fileEncoding = 4; lastKnownFileType = sourcecode.c.objc; path = Priority.m; sourceTree = "<group>"; };
		6196E4101AE013EE00E74829 /* Project.h */ = {isa = PBXFileReference; fileEncoding = 4; lastKnownFileType = sourcecode.c.h; path = Project.h; sourceTree = "<group>"; };
		6196E4111AE013EE00E74829 /* Project.m */ = {isa = PBXFileReference; fileEncoding = 4; lastKnownFileType = sourcecode.c.objc; path = Project.m; sourceTree = "<group>"; };
		6196E4121AE013EE00E74829 /* User.h */ = {isa = PBXFileReference; fileEncoding = 4; lastKnownFileType = sourcecode.c.h; path = User.h; sourceTree = "<group>"; };
		6196E4131AE013EE00E74829 /* User.m */ = {isa = PBXFileReference; fileEncoding = 4; lastKnownFileType = sourcecode.c.objc; path = User.m; sourceTree = "<group>"; };
		6196E4141AE013EE00E74829 /* Version.h */ = {isa = PBXFileReference; fileEncoding = 4; lastKnownFileType = sourcecode.c.h; path = Version.h; sourceTree = "<group>"; };
		6196E4151AE013EE00E74829 /* Version.m */ = {isa = PBXFileReference; fileEncoding = 4; lastKnownFileType = sourcecode.c.objc; path = Version.m; sourceTree = "<group>"; };
		6196E4211AE013F900E74829 /* JCButton.h */ = {isa = PBXFileReference; fileEncoding = 4; lastKnownFileType = sourcecode.c.h; path = JCButton.h; sourceTree = "<group>"; };
		6196E4221AE013F900E74829 /* JCButton.m */ = {isa = PBXFileReference; fileEncoding = 4; lastKnownFileType = sourcecode.c.objc; path = JCButton.m; sourceTree = "<group>"; };
		6196E4231AE013F900E74829 /* JCTextField.h */ = {isa = PBXFileReference; fileEncoding = 4; lastKnownFileType = sourcecode.c.h; path = JCTextField.h; sourceTree = "<group>"; };
		6196E4241AE013F900E74829 /* JCTextField.m */ = {isa = PBXFileReference; fileEncoding = 4; lastKnownFileType = sourcecode.c.objc; path = JCTextField.m; sourceTree = "<group>"; };
		61DCE8861AE52245009AC044 /* JCAttachmentsViewController.h */ = {isa = PBXFileReference; fileEncoding = 4; lastKnownFileType = sourcecode.c.h; path = JCAttachmentsViewController.h; sourceTree = "<group>"; };
		61DCE8871AE52245009AC044 /* JCAttachmentsViewController.m */ = {isa = PBXFileReference; fileEncoding = 4; lastKnownFileType = sourcecode.c.objc; path = JCAttachmentsViewController.m; sourceTree = "<group>"; };
		61DCE8881AE52245009AC044 /* JCAttachmentsViewController.xib */ = {isa = PBXFileReference; fileEncoding = 4; lastKnownFileType = file.xib; path = JCAttachmentsViewController.xib; sourceTree = "<group>"; };
		B8CFA4860989B0D4091B6DDB /* Pods.debug.xcconfig */ = {isa = PBXFileReference; includeInIndex = 1; lastKnownFileType = text.xcconfig; name = Pods.debug.xcconfig; path = "Pods/Target Support Files/Pods/Pods.debug.xcconfig"; sourceTree = "<group>"; };
		EA96EE0615B8BB876A6CD957 /* Pods.release.xcconfig */ = {isa = PBXFileReference; includeInIndex = 1; lastKnownFileType = text.xcconfig; name = Pods.release.xcconfig; path = "Pods/Target Support Files/Pods/Pods.release.xcconfig"; sourceTree = "<group>"; };
/* End PBXFileReference section */

/* Begin PBXFrameworksBuildPhase section */
		1A260FDF1AA4F2B900FEBFDE /* Frameworks */ = {
			isa = PBXFrameworksBuildPhase;
			buildActionMask = 2147483647;
			files = (
				B163058410470B8EA72CFB19 /* libPods.a in Frameworks */,
			);
			runOnlyForDeploymentPostprocessing = 0;
		};
		1A260FF81AA4F2B900FEBFDE /* Frameworks */ = {
			isa = PBXFrameworksBuildPhase;
			buildActionMask = 2147483647;
			files = (
			);
			runOnlyForDeploymentPostprocessing = 0;
		};
/* End PBXFrameworksBuildPhase section */

/* Begin PBXGroup section */
		1A260FD91AA4F2B900FEBFDE = {
			isa = PBXGroup;
			children = (
				1A260FE41AA4F2B900FEBFDE /* JiraConnector */,
				1A260FFE1AA4F2B900FEBFDE /* JiraConnectorTests */,
				1A260FE31AA4F2B900FEBFDE /* Products */,
				A4BF44288AF54F20C947EDD2 /* Pods */,
				343DE364EDFA66E802916AF2 /* Frameworks */,
			);
			sourceTree = "<group>";
		};
		1A260FE31AA4F2B900FEBFDE /* Products */ = {
			isa = PBXGroup;
			children = (
				1A260FE21AA4F2B900FEBFDE /* JiraConnector.app */,
				1A260FFB1AA4F2B900FEBFDE /* JiraConnectorTests.xctest */,
			);
			name = Products;
			sourceTree = "<group>";
		};
		1A260FE41AA4F2B900FEBFDE /* JiraConnector */ = {
			isa = PBXGroup;
			children = (
				6196E3C61AE0128B00E74829 /* JiraConnectorSource */,
				1A260FE91AA4F2B900FEBFDE /* AppDelegate.h */,
				1A260FEA1AA4F2B900FEBFDE /* AppDelegate.m */,
				1A260FEC1AA4F2B900FEBFDE /* ViewController.h */,
				1A260FED1AA4F2B900FEBFDE /* ViewController.m */,
				1A260FEF1AA4F2B900FEBFDE /* Main.storyboard */,
				1A260FF21AA4F2B900FEBFDE /* Images.xcassets */,
				1A260FF41AA4F2B900FEBFDE /* LaunchScreen.xib */,
				1A260FE51AA4F2B900FEBFDE /* Supporting Files */,
			);
			path = JiraConnector;
			sourceTree = "<group>";
		};
		1A260FE51AA4F2B900FEBFDE /* Supporting Files */ = {
			isa = PBXGroup;
			children = (
				1A260FE61AA4F2B900FEBFDE /* Info.plist */,
				1A260FE71AA4F2B900FEBFDE /* main.m */,
			);
			name = "Supporting Files";
			sourceTree = "<group>";
		};
		1A260FFE1AA4F2B900FEBFDE /* JiraConnectorTests */ = {
			isa = PBXGroup;
			children = (
				1A2610011AA4F2B900FEBFDE /* JiraConnectorTests.m */,
				1A260FFF1AA4F2B900FEBFDE /* Supporting Files */,
			);
			path = JiraConnectorTests;
			sourceTree = "<group>";
		};
		1A260FFF1AA4F2B900FEBFDE /* Supporting Files */ = {
			isa = PBXGroup;
			children = (
				1A2610001AA4F2B900FEBFDE /* Info.plist */,
			);
			name = "Supporting Files";
			sourceTree = "<group>";
		};
		343DE364EDFA66E802916AF2 /* Frameworks */ = {
			isa = PBXGroup;
			children = (
				43298A5880ACC97D75A8C049 /* libPods.a */,
			);
			name = Frameworks;
			sourceTree = "<group>";
		};
		6196E3C61AE0128B00E74829 /* JiraConnectorSource */ = {
			isa = PBXGroup;
			children = (
				6196E3CA1AE0134F00E74829 /* Managers */,
				6196E3C91AE0133B00E74829 /* ViewControllers */,
				6196E3C81AE0133200E74829 /* Model */,
				6196E3C71AE0132900E74829 /* Controls */,
			);
			path = JiraConnectorSource;
			sourceTree = "<group>";
		};
		6196E3C71AE0132900E74829 /* Controls */ = {
			isa = PBXGroup;
			children = (
				6196E4211AE013F900E74829 /* JCButton.h */,
				6196E4221AE013F900E74829 /* JCButton.m */,
				6196E4231AE013F900E74829 /* JCTextField.h */,
				6196E4241AE013F900E74829 /* JCTextField.m */,
			);
			path = Controls;
			sourceTree = "<group>";
		};
		6196E3C81AE0133200E74829 /* Model */ = {
			isa = PBXGroup;
			children = (
				6196E3FF1AE013EE00E74829 /* AvatarUrls.h */,
				6196E4001AE013EE00E74829 /* AvatarUrls.m */,
				6196E4011AE013EE00E74829 /* BaseModel.h */,
				6196E4021AE013EE00E74829 /* BaseModel.m */,
				6196E4031AE013EE00E74829 /* Component.h */,
				6196E4041AE013EE00E74829 /* Component.m */,
				6196E4051AE013EE00E74829 /* Fields.h */,
				6196E4061AE013EE00E74829 /* Fields.m */,
				6196E4071AE013EE00E74829 /* Issue.h */,
				6196E4081AE013EE00E74829 /* Issue.m */,
				6196E4091AE013EE00E74829 /* IssueType.h */,
				6196E40A1AE013EE00E74829 /* IssueType.m */,
				6196E40D1AE013EE00E74829 /* Models.h */,
				6196E40E1AE013EE00E74829 /* Priority.h */,
				6196E40F1AE013EE00E74829 /* Priority.m */,
				6196E4101AE013EE00E74829 /* Project.h */,
				6196E4111AE013EE00E74829 /* Project.m */,
				6196E4121AE013EE00E74829 /* User.h */,
				6196E4131AE013EE00E74829 /* User.m */,
				6196E4141AE013EE00E74829 /* Version.h */,
				6196E4151AE013EE00E74829 /* Version.m */,
				611A3F9B1AE14E7700F8AF62 /* Attachment.h */,
				611A3F9C1AE14E7700F8AF62 /* Attachment.m */,
				611A3F981AE14A8D00F8AF62 /* JiraAttachment.h */,
				611A3F991AE14A8D00F8AF62 /* JiraAttachment.m */,
				1A6CC26F1C88FC47005CCF1E /* Authorization.h */,
				1A6CC2701C88FC47005CCF1E /* Authorization.m */,
				1A6CC2721C88FC63005CCF1E /* LoginInfo.h */,
				1A6CC2731C88FC63005CCF1E /* LoginInfo.m */,
			);
			path = Model;
			sourceTree = "<group>";
		};
		6196E3C91AE0133B00E74829 /* ViewControllers */ = {
			isa = PBXGroup;
			children = (
				6196E3D91AE013DF00E74829 /* Constants.h */,
				6196E3DA1AE013DF00E74829 /* JCBaseViewController.h */,
				6196E3DB1AE013DF00E74829 /* JCBaseViewController.m */,
				6196E3DC1AE013DF00E74829 /* JCCreateIssueViewController.h */,
				6196E3DD1AE013DF00E74829 /* JCCreateIssueViewController.m */,
				6196E3DE1AE013DF00E74829 /* JCCreateIssueViewController.xib */,
				6196E3DF1AE013DF00E74829 /* JCFinalViewController.h */,
				6196E3E01AE013DF00E74829 /* JCFinalViewController.m */,
				6196E3E11AE013DF00E74829 /* JCFinalViewController.xib */,
				6196E3E21AE013DF00E74829 /* JCLoginViewController.h */,
				6196E3E31AE013DF00E74829 /* JCLoginViewController.m */,
				6196E3E41AE013DF00E74829 /* JCLoginViewController.xib */,
				6196E3E51AE013DF00E74829 /* JCNavigationController.h */,
				6196E3E61AE013DF00E74829 /* JCNavigationController.m */,
				6196E3E71AE013DF00E74829 /* JCProjectsViewController.h */,
				6196E3E81AE013DF00E74829 /* JCProjectsViewController.m */,
				6196E3E91AE013DF00E74829 /* JCProjectsViewController.xib */,
				6196E3EA1AE013DF00E74829 /* JCSelectItemViewController.h */,
				6196E3EB1AE013DF00E74829 /* JCSelectItemViewController.m */,
				6196E3EC1AE013DF00E74829 /* JCSelectItemViewController.xib */,
				6196E3ED1AE013DF00E74829 /* JCTextContainerViewController.h */,
				6196E3EE1AE013DF00E74829 /* JCTextContainerViewController.m */,
				6196E3EF1AE013DF00E74829 /* JCTextContainerViewController.xib */,
				61DCE8861AE52245009AC044 /* JCAttachmentsViewController.h */,
				61DCE8871AE52245009AC044 /* JCAttachmentsViewController.m */,
				61DCE8881AE52245009AC044 /* JCAttachmentsViewController.xib */,
				6196E3F01AE013DF00E74829 /* Protocols.h */,
			);
			path = ViewControllers;
			sourceTree = "<group>";
		};
		6196E3CA1AE0134F00E74829 /* Managers */ = {
			isa = PBXGroup;
			children = (
				6196E3D21AE013D200E74829 /* CWLSynthesizeSingleton.h */,
				6196E3D31AE013D200E74829 /* JiraConnector.h */,
				6196E3D41AE013D200E74829 /* JiraConnector.m */,
				6196E3D51AE013D200E74829 /* NetworkManager.h */,
				6196E3D61AE013D200E74829 /* NetworkManager.m */,
				1A23621E1C878EA4002E1644 /* APIConstants.h */,
			);
			path = Managers;
			sourceTree = "<group>";
		};
		A4BF44288AF54F20C947EDD2 /* Pods */ = {
			isa = PBXGroup;
			children = (
				B8CFA4860989B0D4091B6DDB /* Pods.debug.xcconfig */,
				EA96EE0615B8BB876A6CD957 /* Pods.release.xcconfig */,
			);
			name = Pods;
			sourceTree = "<group>";
		};
/* End PBXGroup section */

/* Begin PBXNativeTarget section */
		1A260FE11AA4F2B900FEBFDE /* JiraConnector */ = {
			isa = PBXNativeTarget;
			buildConfigurationList = 1A2610051AA4F2B900FEBFDE /* Build configuration list for PBXNativeTarget "JiraConnector" */;
			buildPhases = (
				E3329DD44F4EF018896D00C6 /* Check Pods Manifest.lock */,
				1A260FDE1AA4F2B900FEBFDE /* Sources */,
				1A260FDF1AA4F2B900FEBFDE /* Frameworks */,
				1A260FE01AA4F2B900FEBFDE /* Resources */,
				2A2919783AB9923A5921C0B3 /* Copy Pods Resources */,
				B5E4D33D8609FA8A9E0E3E20 /* Embed Pods Frameworks */,
			);
			buildRules = (
			);
			dependencies = (
			);
			name = JiraConnector;
			productName = JiraConnector;
			productReference = 1A260FE21AA4F2B900FEBFDE /* JiraConnector.app */;
			productType = "com.apple.product-type.application";
		};
		1A260FFA1AA4F2B900FEBFDE /* JiraConnectorTests */ = {
			isa = PBXNativeTarget;
			buildConfigurationList = 1A2610081AA4F2B900FEBFDE /* Build configuration list for PBXNativeTarget "JiraConnectorTests" */;
			buildPhases = (
				1A260FF71AA4F2B900FEBFDE /* Sources */,
				1A260FF81AA4F2B900FEBFDE /* Frameworks */,
				1A260FF91AA4F2B900FEBFDE /* Resources */,
			);
			buildRules = (
			);
			dependencies = (
				1A260FFD1AA4F2B900FEBFDE /* PBXTargetDependency */,
			);
			name = JiraConnectorTests;
			productName = JiraConnectorTests;
			productReference = 1A260FFB1AA4F2B900FEBFDE /* JiraConnectorTests.xctest */;
			productType = "com.apple.product-type.bundle.unit-test";
		};
/* End PBXNativeTarget section */

/* Begin PBXProject section */
		1A260FDA1AA4F2B900FEBFDE /* Project object */ = {
			isa = PBXProject;
			attributes = {
				LastUpgradeCheck = 0610;
				ORGANIZATIONNAME = "Andrey Durbalo";
				TargetAttributes = {
					1A260FE11AA4F2B900FEBFDE = {
						CreatedOnToolsVersion = 6.1.1;
					};
					1A260FFA1AA4F2B900FEBFDE = {
						CreatedOnToolsVersion = 6.1.1;
						DevelopmentTeam = JRKY2H8NHP;
						TestTargetID = 1A260FE11AA4F2B900FEBFDE;
					};
				};
			};
			buildConfigurationList = 1A260FDD1AA4F2B900FEBFDE /* Build configuration list for PBXProject "JiraConnector" */;
			compatibilityVersion = "Xcode 3.2";
			developmentRegion = English;
			hasScannedForEncodings = 0;
			knownRegions = (
				en,
				Base,
			);
			mainGroup = 1A260FD91AA4F2B900FEBFDE;
			productRefGroup = 1A260FE31AA4F2B900FEBFDE /* Products */;
			projectDirPath = "";
			projectRoot = "";
			targets = (
				1A260FE11AA4F2B900FEBFDE /* JiraConnector */,
				1A260FFA1AA4F2B900FEBFDE /* JiraConnectorTests */,
			);
		};
/* End PBXProject section */

/* Begin PBXResourcesBuildPhase section */
		1A260FE01AA4F2B900FEBFDE /* Resources */ = {
			isa = PBXResourcesBuildPhase;
			buildActionMask = 2147483647;
			files = (
				6196E3F51AE013DF00E74829 /* JCFinalViewController.xib in Resources */,
				61DCE88A1AE52245009AC044 /* JCAttachmentsViewController.xib in Resources */,
				1A260FF11AA4F2B900FEBFDE /* Main.storyboard in Resources */,
				6196E3FC1AE013DF00E74829 /* JCSelectItemViewController.xib in Resources */,
				6196E3FA1AE013DF00E74829 /* JCProjectsViewController.xib in Resources */,
				6196E3FE1AE013DF00E74829 /* JCTextContainerViewController.xib in Resources */,
				6196E3F31AE013DF00E74829 /* JCCreateIssueViewController.xib in Resources */,
				6196E3F71AE013DF00E74829 /* JCLoginViewController.xib in Resources */,
				1A260FF61AA4F2B900FEBFDE /* LaunchScreen.xib in Resources */,
				1A260FF31AA4F2B900FEBFDE /* Images.xcassets in Resources */,
			);
			runOnlyForDeploymentPostprocessing = 0;
		};
		1A260FF91AA4F2B900FEBFDE /* Resources */ = {
			isa = PBXResourcesBuildPhase;
			buildActionMask = 2147483647;
			files = (
			);
			runOnlyForDeploymentPostprocessing = 0;
		};
/* End PBXResourcesBuildPhase section */

/* Begin PBXShellScriptBuildPhase section */
		2A2919783AB9923A5921C0B3 /* Copy Pods Resources */ = {
			isa = PBXShellScriptBuildPhase;
			buildActionMask = 2147483647;
			files = (
			);
			inputPaths = (
			);
			name = "Copy Pods Resources";
			outputPaths = (
			);
			runOnlyForDeploymentPostprocessing = 0;
			shellPath = /bin/sh;
			shellScript = "\"${SRCROOT}/Pods/Target Support Files/Pods/Pods-resources.sh\"\n";
			showEnvVarsInLog = 0;
		};
		B5E4D33D8609FA8A9E0E3E20 /* Embed Pods Frameworks */ = {
			isa = PBXShellScriptBuildPhase;
			buildActionMask = 2147483647;
			files = (
			);
			inputPaths = (
			);
			name = "Embed Pods Frameworks";
			outputPaths = (
			);
			runOnlyForDeploymentPostprocessing = 0;
			shellPath = /bin/sh;
			shellScript = "\"${SRCROOT}/Pods/Target Support Files/Pods/Pods-frameworks.sh\"\n";
			showEnvVarsInLog = 0;
		};
		E3329DD44F4EF018896D00C6 /* Check Pods Manifest.lock */ = {
			isa = PBXShellScriptBuildPhase;
			buildActionMask = 2147483647;
			files = (
			);
			inputPaths = (
			);
			name = "Check Pods Manifest.lock";
			outputPaths = (
			);
			runOnlyForDeploymentPostprocessing = 0;
			shellPath = /bin/sh;
			shellScript = "diff \"${PODS_ROOT}/../Podfile.lock\" \"${PODS_ROOT}/Manifest.lock\" > /dev/null\nif [[ $? != 0 ]] ; then\n    cat << EOM\nerror: The sandbox is not in sync with the Podfile.lock. Run 'pod install' or update your CocoaPods installation.\nEOM\n    exit 1\nfi\n";
			showEnvVarsInLog = 0;
		};
/* End PBXShellScriptBuildPhase section */

/* Begin PBXSourcesBuildPhase section */
		1A260FDE1AA4F2B900FEBFDE /* Sources */ = {
			isa = PBXSourcesBuildPhase;
			buildActionMask = 2147483647;
			files = (
				6196E3F41AE013DF00E74829 /* JCFinalViewController.m in Sources */,
				6196E4191AE013EE00E74829 /* Fields.m in Sources */,
				611A3F9A1AE14A8D00F8AF62 /* JiraAttachment.m in Sources */,
				1A6CC2741C88FC63005CCF1E /* LoginInfo.m in Sources */,
				6196E4201AE013EE00E74829 /* Version.m in Sources */,
				6196E4261AE013F900E74829 /* JCTextField.m in Sources */,
				1A260FEE1AA4F2B900FEBFDE /* ViewController.m in Sources */,
				6196E4161AE013EE00E74829 /* AvatarUrls.m in Sources */,
				6196E4171AE013EE00E74829 /* BaseModel.m in Sources */,
				61DCE8891AE52245009AC044 /* JCAttachmentsViewController.m in Sources */,
				1A260FEB1AA4F2B900FEBFDE /* AppDelegate.m in Sources */,
				6196E41D1AE013EE00E74829 /* Priority.m in Sources */,
				6196E3F61AE013DF00E74829 /* JCLoginViewController.m in Sources */,
				6196E3F11AE013DF00E74829 /* JCBaseViewController.m in Sources */,
				6196E41B1AE013EE00E74829 /* IssueType.m in Sources */,
				1A260FE81AA4F2B900FEBFDE /* main.m in Sources */,
				6196E41F1AE013EE00E74829 /* User.m in Sources */,
				6196E4251AE013F900E74829 /* JCButton.m in Sources */,
				6196E41A1AE013EE00E74829 /* Issue.m in Sources */,
				6196E3FD1AE013DF00E74829 /* JCTextContainerViewController.m in Sources */,
				6196E4181AE013EE00E74829 /* Component.m in Sources */,
				6196E41E1AE013EE00E74829 /* Project.m in Sources */,
				6196E3FB1AE013DF00E74829 /* JCSelectItemViewController.m in Sources */,
				1A6CC2711C88FC47005CCF1E /* Authorization.m in Sources */,
				6196E3F91AE013DF00E74829 /* JCProjectsViewController.m in Sources */,
				6196E3F21AE013DF00E74829 /* JCCreateIssueViewController.m in Sources */,
				611A3F9D1AE14E7700F8AF62 /* Attachment.m in Sources */,
				6196E3D81AE013D200E74829 /* NetworkManager.m in Sources */,
				6196E3F81AE013DF00E74829 /* JCNavigationController.m in Sources */,
				6196E3D71AE013D200E74829 /* JiraConnector.m in Sources */,
			);
			runOnlyForDeploymentPostprocessing = 0;
		};
		1A260FF71AA4F2B900FEBFDE /* Sources */ = {
			isa = PBXSourcesBuildPhase;
			buildActionMask = 2147483647;
			files = (
				1A2610021AA4F2B900FEBFDE /* JiraConnectorTests.m in Sources */,
			);
			runOnlyForDeploymentPostprocessing = 0;
		};
/* End PBXSourcesBuildPhase section */

/* Begin PBXTargetDependency section */
		1A260FFD1AA4F2B900FEBFDE /* PBXTargetDependency */ = {
			isa = PBXTargetDependency;
			target = 1A260FE11AA4F2B900FEBFDE /* JiraConnector */;
			targetProxy = 1A260FFC1AA4F2B900FEBFDE /* PBXContainerItemProxy */;
		};
/* End PBXTargetDependency section */

/* Begin PBXVariantGroup section */
		1A260FEF1AA4F2B900FEBFDE /* Main.storyboard */ = {
			isa = PBXVariantGroup;
			children = (
				1A260FF01AA4F2B900FEBFDE /* Base */,
			);
			name = Main.storyboard;
			sourceTree = "<group>";
		};
		1A260FF41AA4F2B900FEBFDE /* LaunchScreen.xib */ = {
			isa = PBXVariantGroup;
			children = (
				1A260FF51AA4F2B900FEBFDE /* Base */,
			);
			name = LaunchScreen.xib;
			sourceTree = "<group>";
		};
/* End PBXVariantGroup section */

/* Begin XCBuildConfiguration section */
		1A2610031AA4F2B900FEBFDE /* Debug */ = {
			isa = XCBuildConfiguration;
			buildSettings = {
				ALWAYS_SEARCH_USER_PATHS = NO;
				CLANG_CXX_LANGUAGE_STANDARD = "gnu++0x";
				CLANG_CXX_LIBRARY = "libc++";
				CLANG_ENABLE_MODULES = YES;
				CLANG_ENABLE_OBJC_ARC = YES;
				CLANG_WARN_BOOL_CONVERSION = YES;
				CLANG_WARN_CONSTANT_CONVERSION = YES;
				CLANG_WARN_DIRECT_OBJC_ISA_USAGE = YES_ERROR;
				CLANG_WARN_EMPTY_BODY = YES;
				CLANG_WARN_ENUM_CONVERSION = YES;
				CLANG_WARN_INT_CONVERSION = YES;
				CLANG_WARN_OBJC_ROOT_CLASS = YES_ERROR;
				CLANG_WARN_UNREACHABLE_CODE = YES;
				CLANG_WARN__DUPLICATE_METHOD_MATCH = YES;
				CODE_SIGN_IDENTITY = "iPhone Developer";
				"CODE_SIGN_IDENTITY[sdk=iphoneos*]" = "iPhone Developer";
				COPY_PHASE_STRIP = NO;
				ENABLE_STRICT_OBJC_MSGSEND = YES;
				GCC_C_LANGUAGE_STANDARD = gnu99;
				GCC_DYNAMIC_NO_PIC = NO;
				GCC_OPTIMIZATION_LEVEL = 0;
				GCC_PREPROCESSOR_DEFINITIONS = (
					"DEBUG=1",
					"$(inherited)",
				);
				GCC_SYMBOLS_PRIVATE_EXTERN = NO;
				GCC_WARN_64_TO_32_BIT_CONVERSION = YES;
				GCC_WARN_ABOUT_RETURN_TYPE = YES_ERROR;
				GCC_WARN_UNDECLARED_SELECTOR = YES;
				GCC_WARN_UNINITIALIZED_AUTOS = YES_AGGRESSIVE;
				GCC_WARN_UNUSED_FUNCTION = YES;
				GCC_WARN_UNUSED_VARIABLE = YES;
				IPHONEOS_DEPLOYMENT_TARGET = 8.1;
				MTL_ENABLE_DEBUG_INFO = YES;
				ONLY_ACTIVE_ARCH = YES;
				PROVISIONING_PROFILE = "72b102d7-88df-4b8f-8c87-78c029b4d638";
				SDKROOT = iphoneos;
				TARGETED_DEVICE_FAMILY = "1,2";
			};
			name = Debug;
		};
		1A2610041AA4F2B900FEBFDE /* Release */ = {
			isa = XCBuildConfiguration;
			buildSettings = {
				ALWAYS_SEARCH_USER_PATHS = NO;
				CLANG_CXX_LANGUAGE_STANDARD = "gnu++0x";
				CLANG_CXX_LIBRARY = "libc++";
				CLANG_ENABLE_MODULES = YES;
				CLANG_ENABLE_OBJC_ARC = YES;
				CLANG_WARN_BOOL_CONVERSION = YES;
				CLANG_WARN_CONSTANT_CONVERSION = YES;
				CLANG_WARN_DIRECT_OBJC_ISA_USAGE = YES_ERROR;
				CLANG_WARN_EMPTY_BODY = YES;
				CLANG_WARN_ENUM_CONVERSION = YES;
				CLANG_WARN_INT_CONVERSION = YES;
				CLANG_WARN_OBJC_ROOT_CLASS = YES_ERROR;
				CLANG_WARN_UNREACHABLE_CODE = YES;
				CLANG_WARN__DUPLICATE_METHOD_MATCH = YES;
				CODE_SIGN_IDENTITY = "iPhone Distribution";
				"CODE_SIGN_IDENTITY[sdk=iphoneos*]" = "iPhone Distribution";
				COPY_PHASE_STRIP = YES;
				ENABLE_NS_ASSERTIONS = NO;
				ENABLE_STRICT_OBJC_MSGSEND = YES;
				GCC_C_LANGUAGE_STANDARD = gnu99;
				GCC_WARN_64_TO_32_BIT_CONVERSION = YES;
				GCC_WARN_ABOUT_RETURN_TYPE = YES_ERROR;
				GCC_WARN_UNDECLARED_SELECTOR = YES;
				GCC_WARN_UNINITIALIZED_AUTOS = YES_AGGRESSIVE;
				GCC_WARN_UNUSED_FUNCTION = YES;
				GCC_WARN_UNUSED_VARIABLE = YES;
				IPHONEOS_DEPLOYMENT_TARGET = 8.1;
				MTL_ENABLE_DEBUG_INFO = NO;
				PROVISIONING_PROFILE = "72b102d7-88df-4b8f-8c87-78c029b4d638";
				SDKROOT = iphoneos;
				TARGETED_DEVICE_FAMILY = "1,2";
				VALIDATE_PRODUCT = YES;
			};
			name = Release;
		};
		1A2610061AA4F2B900FEBFDE /* Debug */ = {
			isa = XCBuildConfiguration;
			baseConfigurationReference = B8CFA4860989B0D4091B6DDB /* Pods.debug.xcconfig */;
			buildSettings = {
				ASSETCATALOG_COMPILER_APPICON_NAME = AppIcon;
				CODE_SIGN_IDENTITY = "iPhone Developer";
				"CODE_SIGN_IDENTITY[sdk=iphoneos*]" = "iPhone Developer";
				INFOPLIST_FILE = JiraConnector/Info.plist;
				IPHONEOS_DEPLOYMENT_TARGET = 7.0;
				LD_RUNPATH_SEARCH_PATHS = "$(inherited) @executable_path/Frameworks";
				PRODUCT_NAME = "$(TARGET_NAME)";
				PROVISIONING_PROFILE = "d0dcb782-6f8e-4eb6-9535-a99faecc7733";
			};
			name = Debug;
		};
		1A2610071AA4F2B900FEBFDE /* Release */ = {
			isa = XCBuildConfiguration;
			baseConfigurationReference = EA96EE0615B8BB876A6CD957 /* Pods.release.xcconfig */;
			buildSettings = {
				ASSETCATALOG_COMPILER_APPICON_NAME = AppIcon;
				CODE_SIGN_IDENTITY = "iPhone Developer";
				"CODE_SIGN_IDENTITY[sdk=iphoneos*]" = "iPhone Developer";
				INFOPLIST_FILE = JiraConnector/Info.plist;
				IPHONEOS_DEPLOYMENT_TARGET = 7.0;
				LD_RUNPATH_SEARCH_PATHS = "$(inherited) @executable_path/Frameworks";
				PRODUCT_NAME = "$(TARGET_NAME)";
				PROVISIONING_PROFILE = "d0dcb782-6f8e-4eb6-9535-a99faecc7733";
			};
			name = Release;
		};
		1A2610091AA4F2B900FEBFDE /* Debug */ = {
			isa = XCBuildConfiguration;
			buildSettings = {
				BUNDLE_LOADER = "$(TEST_HOST)";
				CODE_SIGN_IDENTITY = "iPhone Developer";
				"CODE_SIGN_IDENTITY[sdk=iphoneos*]" = "iPhone Developer";
				FRAMEWORK_SEARCH_PATHS = (
					"$(SDKROOT)/Developer/Library/Frameworks",
					"$(inherited)",
				);
				GCC_PREPROCESSOR_DEFINITIONS = (
					"DEBUG=1",
					"$(inherited)",
				);
				INFOPLIST_FILE = JiraConnectorTests/Info.plist;
				LD_RUNPATH_SEARCH_PATHS = "$(inherited) @executable_path/Frameworks @loader_path/Frameworks";
				PRODUCT_NAME = "$(TARGET_NAME)";
				PROVISIONING_PROFILE = "";
				TEST_HOST = "$(BUILT_PRODUCTS_DIR)/JiraConnector.app/JiraConnector";
			};
			name = Debug;
		};
		1A26100A1AA4F2B900FEBFDE /* Release */ = {
			isa = XCBuildConfiguration;
			buildSettings = {
				BUNDLE_LOADER = "$(TEST_HOST)";
				CODE_SIGN_IDENTITY = "iPhone Developer";
				"CODE_SIGN_IDENTITY[sdk=iphoneos*]" = "iPhone Developer";
				FRAMEWORK_SEARCH_PATHS = (
					"$(SDKROOT)/Developer/Library/Frameworks",
					"$(inherited)",
				);
				INFOPLIST_FILE = JiraConnectorTests/Info.plist;
				LD_RUNPATH_SEARCH_PATHS = "$(inherited) @executable_path/Frameworks @loader_path/Frameworks";
				PRODUCT_NAME = "$(TARGET_NAME)";
				PROVISIONING_PROFILE = "";
				TEST_HOST = "$(BUILT_PRODUCTS_DIR)/JiraConnector.app/JiraConnector";
			};
			name = Release;
		};
/* End XCBuildConfiguration section */

/* Begin XCConfigurationList section */
		1A260FDD1AA4F2B900FEBFDE /* Build configuration list for PBXProject "JiraConnector" */ = {
			isa = XCConfigurationList;
			buildConfigurations = (
				1A2610031AA4F2B900FEBFDE /* Debug */,
				1A2610041AA4F2B900FEBFDE /* Release */,
			);
			defaultConfigurationIsVisible = 0;
			defaultConfigurationName = Release;
		};
		1A2610051AA4F2B900FEBFDE /* Build configuration list for PBXNativeTarget "JiraConnector" */ = {
			isa = XCConfigurationList;
			buildConfigurations = (
				1A2610061AA4F2B900FEBFDE /* Debug */,
				1A2610071AA4F2B900FEBFDE /* Release */,
			);
			defaultConfigurationIsVisible = 0;
			defaultConfigurationName = Release;
		};
		1A2610081AA4F2B900FEBFDE /* Build configuration list for PBXNativeTarget "JiraConnectorTests" */ = {
			isa = XCConfigurationList;
			buildConfigurations = (
				1A2610091AA4F2B900FEBFDE /* Debug */,
				1A26100A1AA4F2B900FEBFDE /* Release */,
			);
			defaultConfigurationIsVisible = 0;
			defaultConfigurationName = Release;
		};
/* End XCConfigurationList section */
	};
	rootObject = 1A260FDA1AA4F2B900FEBFDE /* Project object */;
}
