// !$*UTF8*$!
{
	archiveVersion = 1;
	classes = {
	};
	objectVersion = 46;
	objects = {

/* Begin PBXBuildFile section */
		1A07CD011AAF80980051A98F /* IssueType.m in Sources */ = {isa = PBXBuildFile; fileRef = 1A07CD001AAF80980051A98F /* IssueType.m */; };
		1A07CD071AAF9C8F0051A98F /* BaseModel.m in Sources */ = {isa = PBXBuildFile; fileRef = 1A07CD061AAF9C8F0051A98F /* BaseModel.m */; };
		1A07CD101AAFC0D10051A98F /* Project.m in Sources */ = {isa = PBXBuildFile; fileRef = 1A07CD0F1AAFC0D10051A98F /* Project.m */; };
		1A07CD131AAFC4A80051A98F /* AvatarUrls.m in Sources */ = {isa = PBXBuildFile; fileRef = 1A07CD121AAFC4A80051A98F /* AvatarUrls.m */; };
		1A16600D1AC9DD5900DB7C3F /* Component.m in Sources */ = {isa = PBXBuildFile; fileRef = 1A16600C1AC9DD5900DB7C3F /* Component.m */; };
		1A1660101AC9E65D00DB7C3F /* Version.m in Sources */ = {isa = PBXBuildFile; fileRef = 1A16600F1AC9E65D00DB7C3F /* Version.m */; };
		1A1FB31E1AB0FF7A00ED46B0 /* Priority.m in Sources */ = {isa = PBXBuildFile; fileRef = 1A1FB31D1AB0FF7A00ED46B0 /* Priority.m */; };
		1A260FE81AA4F2B900FEBFDE /* main.m in Sources */ = {isa = PBXBuildFile; fileRef = 1A260FE71AA4F2B900FEBFDE /* main.m */; };
		1A260FEB1AA4F2B900FEBFDE /* AppDelegate.m in Sources */ = {isa = PBXBuildFile; fileRef = 1A260FEA1AA4F2B900FEBFDE /* AppDelegate.m */; };
		1A260FEE1AA4F2B900FEBFDE /* ViewController.m in Sources */ = {isa = PBXBuildFile; fileRef = 1A260FED1AA4F2B900FEBFDE /* ViewController.m */; };
		1A260FF11AA4F2B900FEBFDE /* Main.storyboard in Resources */ = {isa = PBXBuildFile; fileRef = 1A260FEF1AA4F2B900FEBFDE /* Main.storyboard */; };
		1A260FF31AA4F2B900FEBFDE /* Images.xcassets in Resources */ = {isa = PBXBuildFile; fileRef = 1A260FF21AA4F2B900FEBFDE /* Images.xcassets */; };
		1A260FF61AA4F2B900FEBFDE /* LaunchScreen.xib in Resources */ = {isa = PBXBuildFile; fileRef = 1A260FF41AA4F2B900FEBFDE /* LaunchScreen.xib */; };
		1A2610021AA4F2B900FEBFDE /* JiraConnectorTests.m in Sources */ = {isa = PBXBuildFile; fileRef = 1A2610011AA4F2B900FEBFDE /* JiraConnectorTests.m */; };
		1A2610111AA6493B00FEBFDE /* JCLoginViewController.m in Sources */ = {isa = PBXBuildFile; fileRef = 1A2610101AA6493B00FEBFDE /* JCLoginViewController.m */; };
		1A2610131AA6496000FEBFDE /* JCLoginViewController.xib in Resources */ = {isa = PBXBuildFile; fileRef = 1A2610121AA6496000FEBFDE /* JCLoginViewController.xib */; };
		1A2610191AA64BF100FEBFDE /* NetworkManager.m in Sources */ = {isa = PBXBuildFile; fileRef = 1A2610181AA64BF100FEBFDE /* NetworkManager.m */; };
		1A26101D1AA8EBDA00FEBFDE /* JCCreateIssueViewController.m in Sources */ = {isa = PBXBuildFile; fileRef = 1A26101B1AA8EBDA00FEBFDE /* JCCreateIssueViewController.m */; };
		1A26101E1AA8EBDA00FEBFDE /* JCCreateIssueViewController.xib in Resources */ = {isa = PBXBuildFile; fileRef = 1A26101C1AA8EBDA00FEBFDE /* JCCreateIssueViewController.xib */; };
		1A2732C91AC21A9B0077238B /* Issue.m in Sources */ = {isa = PBXBuildFile; fileRef = 1A2732C81AC21A9B0077238B /* Issue.m */; };
		1A2732CC1AC21DC90077238B /* Fields.m in Sources */ = {isa = PBXBuildFile; fileRef = 1A2732CB1AC21DC90077238B /* Fields.m */; };
		1A2794DA1AC0B33D0032633C /* JCTextField.m in Sources */ = {isa = PBXBuildFile; fileRef = 1A2794D91AC0B33D0032633C /* JCTextField.m */; };
		1A3E8BFE1ACDC78F001EC83E /* JCNavigationController.m in Sources */ = {isa = PBXBuildFile; fileRef = 1A3E8BFD1ACDC78F001EC83E /* JCNavigationController.m */; };
		1A3E8C021ACDCB98001EC83E /* JCSelectItemViewController.m in Sources */ = {isa = PBXBuildFile; fileRef = 1A3E8C001ACDCB98001EC83E /* JCSelectItemViewController.m */; };
		1A3E8C031ACDCB98001EC83E /* JCSelectItemViewController.xib in Resources */ = {isa = PBXBuildFile; fileRef = 1A3E8C011ACDCB98001EC83E /* JCSelectItemViewController.xib */; };
		1A3E8C061ACDEC52001EC83E /* JCButton.m in Sources */ = {isa = PBXBuildFile; fileRef = 1A3E8C051ACDEC52001EC83E /* JCButton.m */; };
		1A88E3221AB8A998008E7B76 /* User.m in Sources */ = {isa = PBXBuildFile; fileRef = 1A88E3211AB8A998008E7B76 /* User.m */; };
		1AA4E5421AC5DBC400F48CAD /* JCContentContainer.m in Sources */ = {isa = PBXBuildFile; fileRef = 1AA4E5411AC5DBC400F48CAD /* JCContentContainer.m */; };
		1AD0281E1AD32A9B00C43FF7 /* JCTextContainerViewController.m in Sources */ = {isa = PBXBuildFile; fileRef = 1AD0281D1AD32A9B00C43FF7 /* JCTextContainerViewController.m */; };
		1AD028221AD32BB100C43FF7 /* JCTextContainerViewController.xib in Resources */ = {isa = PBXBuildFile; fileRef = 1AD028211AD32BB100C43FF7 /* JCTextContainerViewController.xib */; };
		1AD028261AD344B400C43FF7 /* JCFinalViewController.m in Sources */ = {isa = PBXBuildFile; fileRef = 1AD028251AD344B400C43FF7 /* JCFinalViewController.m */; };
		1AD028281AD344C500C43FF7 /* JCFinalViewController.xib in Resources */ = {isa = PBXBuildFile; fileRef = 1AD028271AD344C500C43FF7 /* JCFinalViewController.xib */; };
		1AE227831ACB4B3C00BF72B5 /* JCProjectsViewController.m in Sources */ = {isa = PBXBuildFile; fileRef = 1AE227811ACB4B3C00BF72B5 /* JCProjectsViewController.m */; };
		1AE227841ACB4B3C00BF72B5 /* JCProjectsViewController.xib in Resources */ = {isa = PBXBuildFile; fileRef = 1AE227821ACB4B3C00BF72B5 /* JCProjectsViewController.xib */; };
		1AE227871ACB4FB700BF72B5 /* JCBaseViewController.m in Sources */ = {isa = PBXBuildFile; fileRef = 1AE227861ACB4FB700BF72B5 /* JCBaseViewController.m */; };
		61DE0EAF1ADFDD90009D18C1 /* JiraConnector.m in Sources */ = {isa = PBXBuildFile; fileRef = 61DE0EAE1ADFDD90009D18C1 /* JiraConnector.m */; };
		B163058410470B8EA72CFB19 /* libPods.a in Frameworks */ = {isa = PBXBuildFile; fileRef = 43298A5880ACC97D75A8C049 /* libPods.a */; };
/* End PBXBuildFile section */

/* Begin PBXContainerItemProxy section */
		1A260FFC1AA4F2B900FEBFDE /* PBXContainerItemProxy */ = {
			isa = PBXContainerItemProxy;
			containerPortal = 1A260FDA1AA4F2B900FEBFDE /* Project object */;
			proxyType = 1;
			remoteGlobalIDString = 1A260FE11AA4F2B900FEBFDE;
			remoteInfo = JiraConnector;
		};
/* End PBXContainerItemProxy section */

/* Begin PBXFileReference section */
		1A07CCFF1AAF80980051A98F /* IssueType.h */ = {isa = PBXFileReference; fileEncoding = 4; lastKnownFileType = sourcecode.c.h; name = IssueType.h; path = Model/IssueType.h; sourceTree = "<group>"; };
		1A07CD001AAF80980051A98F /* IssueType.m */ = {isa = PBXFileReference; fileEncoding = 4; lastKnownFileType = sourcecode.c.objc; name = IssueType.m; path = Model/IssueType.m; sourceTree = "<group>"; };
		1A07CD051AAF9C8F0051A98F /* BaseModel.h */ = {isa = PBXFileReference; fileEncoding = 4; lastKnownFileType = sourcecode.c.h; name = BaseModel.h; path = Model/BaseModel.h; sourceTree = "<group>"; };
		1A07CD061AAF9C8F0051A98F /* BaseModel.m */ = {isa = PBXFileReference; fileEncoding = 4; lastKnownFileType = sourcecode.c.objc; name = BaseModel.m; path = Model/BaseModel.m; sourceTree = "<group>"; };
		1A07CD0E1AAFC0D10051A98F /* Project.h */ = {isa = PBXFileReference; fileEncoding = 4; lastKnownFileType = sourcecode.c.h; name = Project.h; path = Model/Project.h; sourceTree = "<group>"; };
		1A07CD0F1AAFC0D10051A98F /* Project.m */ = {isa = PBXFileReference; fileEncoding = 4; lastKnownFileType = sourcecode.c.objc; name = Project.m; path = Model/Project.m; sourceTree = "<group>"; };
		1A07CD111AAFC4A80051A98F /* AvatarUrls.h */ = {isa = PBXFileReference; fileEncoding = 4; lastKnownFileType = sourcecode.c.h; name = AvatarUrls.h; path = Model/AvatarUrls.h; sourceTree = "<group>"; };
		1A07CD121AAFC4A80051A98F /* AvatarUrls.m */ = {isa = PBXFileReference; fileEncoding = 4; lastKnownFileType = sourcecode.c.objc; name = AvatarUrls.m; path = Model/AvatarUrls.m; sourceTree = "<group>"; };
		1A16600B1AC9DD5900DB7C3F /* Component.h */ = {isa = PBXFileReference; fileEncoding = 4; lastKnownFileType = sourcecode.c.h; name = Component.h; path = Model/Component.h; sourceTree = "<group>"; };
		1A16600C1AC9DD5900DB7C3F /* Component.m */ = {isa = PBXFileReference; fileEncoding = 4; lastKnownFileType = sourcecode.c.objc; name = Component.m; path = Model/Component.m; sourceTree = "<group>"; };
		1A16600E1AC9E65D00DB7C3F /* Version.h */ = {isa = PBXFileReference; fileEncoding = 4; lastKnownFileType = sourcecode.c.h; name = Version.h; path = Model/Version.h; sourceTree = "<group>"; };
		1A16600F1AC9E65D00DB7C3F /* Version.m */ = {isa = PBXFileReference; fileEncoding = 4; lastKnownFileType = sourcecode.c.objc; name = Version.m; path = Model/Version.m; sourceTree = "<group>"; };
		1A1FB31C1AB0FF7900ED46B0 /* Priority.h */ = {isa = PBXFileReference; fileEncoding = 4; lastKnownFileType = sourcecode.c.h; name = Priority.h; path = Model/Priority.h; sourceTree = "<group>"; };
		1A1FB31D1AB0FF7A00ED46B0 /* Priority.m */ = {isa = PBXFileReference; fileEncoding = 4; lastKnownFileType = sourcecode.c.objc; name = Priority.m; path = Model/Priority.m; sourceTree = "<group>"; };
		1A260FE21AA4F2B900FEBFDE /* JiraConnector.app */ = {isa = PBXFileReference; explicitFileType = wrapper.application; includeInIndex = 0; path = JiraConnector.app; sourceTree = BUILT_PRODUCTS_DIR; };
		1A260FE61AA4F2B900FEBFDE /* Info.plist */ = {isa = PBXFileReference; lastKnownFileType = text.plist.xml; path = Info.plist; sourceTree = "<group>"; };
		1A260FE71AA4F2B900FEBFDE /* main.m */ = {isa = PBXFileReference; lastKnownFileType = sourcecode.c.objc; path = main.m; sourceTree = "<group>"; };
		1A260FE91AA4F2B900FEBFDE /* AppDelegate.h */ = {isa = PBXFileReference; lastKnownFileType = sourcecode.c.h; path = AppDelegate.h; sourceTree = "<group>"; };
		1A260FEA1AA4F2B900FEBFDE /* AppDelegate.m */ = {isa = PBXFileReference; lastKnownFileType = sourcecode.c.objc; path = AppDelegate.m; sourceTree = "<group>"; };
		1A260FEC1AA4F2B900FEBFDE /* ViewController.h */ = {isa = PBXFileReference; lastKnownFileType = sourcecode.c.h; path = ViewController.h; sourceTree = "<group>"; };
		1A260FED1AA4F2B900FEBFDE /* ViewController.m */ = {isa = PBXFileReference; lastKnownFileType = sourcecode.c.objc; path = ViewController.m; sourceTree = "<group>"; };
		1A260FF01AA4F2B900FEBFDE /* Base */ = {isa = PBXFileReference; lastKnownFileType = file.storyboard; name = Base; path = Base.lproj/Main.storyboard; sourceTree = "<group>"; };
		1A260FF21AA4F2B900FEBFDE /* Images.xcassets */ = {isa = PBXFileReference; lastKnownFileType = folder.assetcatalog; path = Images.xcassets; sourceTree = "<group>"; };
		1A260FF51AA4F2B900FEBFDE /* Base */ = {isa = PBXFileReference; lastKnownFileType = file.xib; name = Base; path = Base.lproj/LaunchScreen.xib; sourceTree = "<group>"; };
		1A260FFB1AA4F2B900FEBFDE /* JiraConnectorTests.xctest */ = {isa = PBXFileReference; explicitFileType = wrapper.cfbundle; includeInIndex = 0; path = JiraConnectorTests.xctest; sourceTree = BUILT_PRODUCTS_DIR; };
		1A2610001AA4F2B900FEBFDE /* Info.plist */ = {isa = PBXFileReference; lastKnownFileType = text.plist.xml; path = Info.plist; sourceTree = "<group>"; };
		1A2610011AA4F2B900FEBFDE /* JiraConnectorTests.m */ = {isa = PBXFileReference; lastKnownFileType = sourcecode.c.objc; path = JiraConnectorTests.m; sourceTree = "<group>"; };
		1A26100F1AA6493B00FEBFDE /* JCLoginViewController.h */ = {isa = PBXFileReference; fileEncoding = 4; lastKnownFileType = sourcecode.c.h; path = JCLoginViewController.h; sourceTree = "<group>"; };
		1A2610101AA6493B00FEBFDE /* JCLoginViewController.m */ = {isa = PBXFileReference; fileEncoding = 4; lastKnownFileType = sourcecode.c.objc; path = JCLoginViewController.m; sourceTree = "<group>"; };
		1A2610121AA6496000FEBFDE /* JCLoginViewController.xib */ = {isa = PBXFileReference; fileEncoding = 4; lastKnownFileType = file.xib; path = JCLoginViewController.xib; sourceTree = "<group>"; };
		1A2610161AA64BDE00FEBFDE /* CWLSynthesizeSingleton.h */ = {isa = PBXFileReference; lastKnownFileType = sourcecode.c.h; path = CWLSynthesizeSingleton.h; sourceTree = "<group>"; };
		1A2610171AA64BF100FEBFDE /* NetworkManager.h */ = {isa = PBXFileReference; fileEncoding = 4; lastKnownFileType = sourcecode.c.h; path = NetworkManager.h; sourceTree = "<group>"; };
		1A2610181AA64BF100FEBFDE /* NetworkManager.m */ = {isa = PBXFileReference; fileEncoding = 4; lastKnownFileType = sourcecode.c.objc; path = NetworkManager.m; sourceTree = "<group>"; };
		1A26101A1AA8EBDA00FEBFDE /* JCCreateIssueViewController.h */ = {isa = PBXFileReference; fileEncoding = 4; lastKnownFileType = sourcecode.c.h; path = JCCreateIssueViewController.h; sourceTree = "<group>"; };
		1A26101B1AA8EBDA00FEBFDE /* JCCreateIssueViewController.m */ = {isa = PBXFileReference; fileEncoding = 4; lastKnownFileType = sourcecode.c.objc; path = JCCreateIssueViewController.m; sourceTree = "<group>"; };
		1A26101C1AA8EBDA00FEBFDE /* JCCreateIssueViewController.xib */ = {isa = PBXFileReference; fileEncoding = 4; lastKnownFileType = file.xib; path = JCCreateIssueViewController.xib; sourceTree = "<group>"; };
		1A2732C71AC21A9B0077238B /* Issue.h */ = {isa = PBXFileReference; fileEncoding = 4; lastKnownFileType = sourcecode.c.h; name = Issue.h; path = Model/Issue.h; sourceTree = "<group>"; };
		1A2732C81AC21A9B0077238B /* Issue.m */ = {isa = PBXFileReference; fileEncoding = 4; lastKnownFileType = sourcecode.c.objc; name = Issue.m; path = Model/Issue.m; sourceTree = "<group>"; };
		1A2732CA1AC21DC90077238B /* Fields.h */ = {isa = PBXFileReference; fileEncoding = 4; lastKnownFileType = sourcecode.c.h; name = Fields.h; path = Model/Fields.h; sourceTree = "<group>"; };
		1A2732CB1AC21DC90077238B /* Fields.m */ = {isa = PBXFileReference; fileEncoding = 4; lastKnownFileType = sourcecode.c.objc; name = Fields.m; path = Model/Fields.m; sourceTree = "<group>"; };
		1A2794D81AC0B33D0032633C /* JCTextField.h */ = {isa = PBXFileReference; fileEncoding = 4; lastKnownFileType = sourcecode.c.h; path = JCTextField.h; sourceTree = "<group>"; };
		1A2794D91AC0B33D0032633C /* JCTextField.m */ = {isa = PBXFileReference; fileEncoding = 4; lastKnownFileType = sourcecode.c.objc; path = JCTextField.m; sourceTree = "<group>"; };
		1A3E8BFC1ACDC78F001EC83E /* JCNavigationController.h */ = {isa = PBXFileReference; fileEncoding = 4; lastKnownFileType = sourcecode.c.h; path = JCNavigationController.h; sourceTree = "<group>"; };
		1A3E8BFD1ACDC78F001EC83E /* JCNavigationController.m */ = {isa = PBXFileReference; fileEncoding = 4; lastKnownFileType = sourcecode.c.objc; path = JCNavigationController.m; sourceTree = "<group>"; };
		1A3E8BFF1ACDCB98001EC83E /* JCSelectItemViewController.h */ = {isa = PBXFileReference; fileEncoding = 4; lastKnownFileType = sourcecode.c.h; path = JCSelectItemViewController.h; sourceTree = "<group>"; };
		1A3E8C001ACDCB98001EC83E /* JCSelectItemViewController.m */ = {isa = PBXFileReference; fileEncoding = 4; lastKnownFileType = sourcecode.c.objc; path = JCSelectItemViewController.m; sourceTree = "<group>"; };
		1A3E8C011ACDCB98001EC83E /* JCSelectItemViewController.xib */ = {isa = PBXFileReference; fileEncoding = 4; lastKnownFileType = file.xib; path = JCSelectItemViewController.xib; sourceTree = "<group>"; };
		1A3E8C041ACDEC52001EC83E /* JCButton.h */ = {isa = PBXFileReference; fileEncoding = 4; lastKnownFileType = sourcecode.c.h; path = JCButton.h; sourceTree = "<group>"; };
		1A3E8C051ACDEC52001EC83E /* JCButton.m */ = {isa = PBXFileReference; fileEncoding = 4; lastKnownFileType = sourcecode.c.objc; path = JCButton.m; sourceTree = "<group>"; };
		1A3E8C071ACDF1DD001EC83E /* Constants.h */ = {isa = PBXFileReference; lastKnownFileType = sourcecode.c.h; path = Constants.h; sourceTree = "<group>"; };
		1A88E31F1AB79347008E7B76 /* Models.h */ = {isa = PBXFileReference; lastKnownFileType = sourcecode.c.h; name = Models.h; path = Model/Models.h; sourceTree = "<group>"; };
		1A88E3201AB8A998008E7B76 /* User.h */ = {isa = PBXFileReference; fileEncoding = 4; lastKnownFileType = sourcecode.c.h; name = User.h; path = Model/User.h; sourceTree = "<group>"; };
		1A88E3211AB8A998008E7B76 /* User.m */ = {isa = PBXFileReference; fileEncoding = 4; lastKnownFileType = sourcecode.c.objc; name = User.m; path = Model/User.m; sourceTree = "<group>"; };
		1AA4E5401AC5DBC400F48CAD /* JCContentContainer.h */ = {isa = PBXFileReference; fileEncoding = 4; lastKnownFileType = sourcecode.c.h; name = JCContentContainer.h; path = Model/JCContentContainer.h; sourceTree = "<group>"; };
		1AA4E5411AC5DBC400F48CAD /* JCContentContainer.m */ = {isa = PBXFileReference; fileEncoding = 4; lastKnownFileType = sourcecode.c.objc; name = JCContentContainer.m; path = Model/JCContentContainer.m; sourceTree = "<group>"; };
		1AD0281C1AD32A9B00C43FF7 /* JCTextContainerViewController.h */ = {isa = PBXFileReference; fileEncoding = 4; lastKnownFileType = sourcecode.c.h; path = JCTextContainerViewController.h; sourceTree = "<group>"; };
		1AD0281D1AD32A9B00C43FF7 /* JCTextContainerViewController.m */ = {isa = PBXFileReference; fileEncoding = 4; lastKnownFileType = sourcecode.c.objc; path = JCTextContainerViewController.m; sourceTree = "<group>"; };
		1AD028211AD32BB100C43FF7 /* JCTextContainerViewController.xib */ = {isa = PBXFileReference; fileEncoding = 4; lastKnownFileType = file.xib; path = JCTextContainerViewController.xib; sourceTree = "<group>"; };
		1AD028231AD330F100C43FF7 /* Protocols.h */ = {isa = PBXFileReference; lastKnownFileType = sourcecode.c.h; path = Protocols.h; sourceTree = "<group>"; };
		1AD028241AD344B400C43FF7 /* JCFinalViewController.h */ = {isa = PBXFileReference; fileEncoding = 4; lastKnownFileType = sourcecode.c.h; path = JCFinalViewController.h; sourceTree = "<group>"; };
		1AD028251AD344B400C43FF7 /* JCFinalViewController.m */ = {isa = PBXFileReference; fileEncoding = 4; lastKnownFileType = sourcecode.c.objc; path = JCFinalViewController.m; sourceTree = "<group>"; };
		1AD028271AD344C500C43FF7 /* JCFinalViewController.xib */ = {isa = PBXFileReference; fileEncoding = 4; lastKnownFileType = file.xib; path = JCFinalViewController.xib; sourceTree = "<group>"; };
		1AE227801ACB4B3C00BF72B5 /* JCProjectsViewController.h */ = {isa = PBXFileReference; fileEncoding = 4; lastKnownFileType = sourcecode.c.h; path = JCProjectsViewController.h; sourceTree = "<group>"; };
		1AE227811ACB4B3C00BF72B5 /* JCProjectsViewController.m */ = {isa = PBXFileReference; fileEncoding = 4; lastKnownFileType = sourcecode.c.objc; path = JCProjectsViewController.m; sourceTree = "<group>"; };
		1AE227821ACB4B3C00BF72B5 /* JCProjectsViewController.xib */ = {isa = PBXFileReference; fileEncoding = 4; lastKnownFileType = file.xib; path = JCProjectsViewController.xib; sourceTree = "<group>"; };
		1AE227851ACB4FB700BF72B5 /* JCBaseViewController.h */ = {isa = PBXFileReference; fileEncoding = 4; lastKnownFileType = sourcecode.c.h; path = JCBaseViewController.h; sourceTree = "<group>"; };
		1AE227861ACB4FB700BF72B5 /* JCBaseViewController.m */ = {isa = PBXFileReference; fileEncoding = 4; lastKnownFileType = sourcecode.c.objc; path = JCBaseViewController.m; sourceTree = "<group>"; };
		43298A5880ACC97D75A8C049 /* libPods.a */ = {isa = PBXFileReference; explicitFileType = archive.ar; includeInIndex = 0; path = libPods.a; sourceTree = BUILT_PRODUCTS_DIR; };
		61DE0EAD1ADFDD90009D18C1 /* JiraConnector.h */ = {isa = PBXFileReference; fileEncoding = 4; lastKnownFileType = sourcecode.c.h; path = JiraConnector.h; sourceTree = "<group>"; };
		61DE0EAE1ADFDD90009D18C1 /* JiraConnector.m */ = {isa = PBXFileReference; fileEncoding = 4; lastKnownFileType = sourcecode.c.objc; path = JiraConnector.m; sourceTree = "<group>"; };
		B8CFA4860989B0D4091B6DDB /* Pods.debug.xcconfig */ = {isa = PBXFileReference; includeInIndex = 1; lastKnownFileType = text.xcconfig; name = Pods.debug.xcconfig; path = "Pods/Target Support Files/Pods/Pods.debug.xcconfig"; sourceTree = "<group>"; };
		EA96EE0615B8BB876A6CD957 /* Pods.release.xcconfig */ = {isa = PBXFileReference; includeInIndex = 1; lastKnownFileType = text.xcconfig; name = Pods.release.xcconfig; path = "Pods/Target Support Files/Pods/Pods.release.xcconfig"; sourceTree = "<group>"; };
/* End PBXFileReference section */

/* Begin PBXFrameworksBuildPhase section */
		1A260FDF1AA4F2B900FEBFDE /* Frameworks */ = {
			isa = PBXFrameworksBuildPhase;
			buildActionMask = 2147483647;
			files = (
				B163058410470B8EA72CFB19 /* libPods.a in Frameworks */,
			);
			runOnlyForDeploymentPostprocessing = 0;
		};
		1A260FF81AA4F2B900FEBFDE /* Frameworks */ = {
			isa = PBXFrameworksBuildPhase;
			buildActionMask = 2147483647;
			files = (
			);
			runOnlyForDeploymentPostprocessing = 0;
		};
/* End PBXFrameworksBuildPhase section */

/* Begin PBXGroup section */
		1A07CCFB1AAF7DB90051A98F /* Model */ = {
			isa = PBXGroup;
			children = (
				1A88E31F1AB79347008E7B76 /* Models.h */,
				1A07CD051AAF9C8F0051A98F /* BaseModel.h */,
				1A07CD061AAF9C8F0051A98F /* BaseModel.m */,
				1A07CCFF1AAF80980051A98F /* IssueType.h */,
				1A07CD001AAF80980051A98F /* IssueType.m */,
				1A07CD0E1AAFC0D10051A98F /* Project.h */,
				1A07CD0F1AAFC0D10051A98F /* Project.m */,
				1A07CD111AAFC4A80051A98F /* AvatarUrls.h */,
				1A07CD121AAFC4A80051A98F /* AvatarUrls.m */,
				1A1FB31C1AB0FF7900ED46B0 /* Priority.h */,
				1A1FB31D1AB0FF7A00ED46B0 /* Priority.m */,
				1A88E3201AB8A998008E7B76 /* User.h */,
				1A88E3211AB8A998008E7B76 /* User.m */,
				1A2732C71AC21A9B0077238B /* Issue.h */,
				1A2732C81AC21A9B0077238B /* Issue.m */,
				1A2732CA1AC21DC90077238B /* Fields.h */,
				1A2732CB1AC21DC90077238B /* Fields.m */,
				1AA4E5401AC5DBC400F48CAD /* JCContentContainer.h */,
				1AA4E5411AC5DBC400F48CAD /* JCContentContainer.m */,
				1A16600B1AC9DD5900DB7C3F /* Component.h */,
				1A16600C1AC9DD5900DB7C3F /* Component.m */,
				1A16600E1AC9E65D00DB7C3F /* Version.h */,
				1A16600F1AC9E65D00DB7C3F /* Version.m */,
			);
			name = Model;
			sourceTree = "<group>";
		};
		1A260FD91AA4F2B900FEBFDE = {
			isa = PBXGroup;
			children = (
				1A260FE41AA4F2B900FEBFDE /* JiraConnector */,
				1A260FFE1AA4F2B900FEBFDE /* JiraConnectorTests */,
				1A260FE31AA4F2B900FEBFDE /* Products */,
				A4BF44288AF54F20C947EDD2 /* Pods */,
				343DE364EDFA66E802916AF2 /* Frameworks */,
			);
			sourceTree = "<group>";
		};
		1A260FE31AA4F2B900FEBFDE /* Products */ = {
			isa = PBXGroup;
			children = (
				1A260FE21AA4F2B900FEBFDE /* JiraConnector.app */,
				1A260FFB1AA4F2B900FEBFDE /* JiraConnectorTests.xctest */,
			);
			name = Products;
			sourceTree = "<group>";
		};
		1A260FE41AA4F2B900FEBFDE /* JiraConnector */ = {
			isa = PBXGroup;
			children = (
				1A07CCFB1AAF7DB90051A98F /* Model */,
				1A26101F1AA8F70900FEBFDE /* Controls */,
				1A2610151AA64BA600FEBFDE /* Managers */,
				1A26100E1AA648F700FEBFDE /* ViewControllers */,
				1A260FE91AA4F2B900FEBFDE /* AppDelegate.h */,
				1A260FEA1AA4F2B900FEBFDE /* AppDelegate.m */,
				1A260FEC1AA4F2B900FEBFDE /* ViewController.h */,
				1A260FED1AA4F2B900FEBFDE /* ViewController.m */,
				1A260FEF1AA4F2B900FEBFDE /* Main.storyboard */,
				1A260FF21AA4F2B900FEBFDE /* Images.xcassets */,
				1A260FF41AA4F2B900FEBFDE /* LaunchScreen.xib */,
				1A260FE51AA4F2B900FEBFDE /* Supporting Files */,
			);
			path = JiraConnector;
			sourceTree = "<group>";
		};
		1A260FE51AA4F2B900FEBFDE /* Supporting Files */ = {
			isa = PBXGroup;
			children = (
				1A260FE61AA4F2B900FEBFDE /* Info.plist */,
				1A260FE71AA4F2B900FEBFDE /* main.m */,
			);
			name = "Supporting Files";
			sourceTree = "<group>";
		};
		1A260FFE1AA4F2B900FEBFDE /* JiraConnectorTests */ = {
			isa = PBXGroup;
			children = (
				1A2610011AA4F2B900FEBFDE /* JiraConnectorTests.m */,
				1A260FFF1AA4F2B900FEBFDE /* Supporting Files */,
			);
			path = JiraConnectorTests;
			sourceTree = "<group>";
		};
		1A260FFF1AA4F2B900FEBFDE /* Supporting Files */ = {
			isa = PBXGroup;
			children = (
				1A2610001AA4F2B900FEBFDE /* Info.plist */,
			);
			name = "Supporting Files";
			sourceTree = "<group>";
		};
		1A26100E1AA648F700FEBFDE /* ViewControllers */ = {
			isa = PBXGroup;
			children = (
				1A3E8C071ACDF1DD001EC83E /* Constants.h */,
				1AD028231AD330F100C43FF7 /* Protocols.h */,
				1A3E8BFC1ACDC78F001EC83E /* JCNavigationController.h */,
				1A3E8BFD1ACDC78F001EC83E /* JCNavigationController.m */,
				1AE227851ACB4FB700BF72B5 /* JCBaseViewController.h */,
				1AE227861ACB4FB700BF72B5 /* JCBaseViewController.m */,
				1A26100F1AA6493B00FEBFDE /* JCLoginViewController.h */,
				1A2610101AA6493B00FEBFDE /* JCLoginViewController.m */,
				1A2610121AA6496000FEBFDE /* JCLoginViewController.xib */,
				1A26101A1AA8EBDA00FEBFDE /* JCCreateIssueViewController.h */,
				1A26101B1AA8EBDA00FEBFDE /* JCCreateIssueViewController.m */,
				1A26101C1AA8EBDA00FEBFDE /* JCCreateIssueViewController.xib */,
				1AE227801ACB4B3C00BF72B5 /* JCProjectsViewController.h */,
				1AE227811ACB4B3C00BF72B5 /* JCProjectsViewController.m */,
				1AE227821ACB4B3C00BF72B5 /* JCProjectsViewController.xib */,
				1A3E8BFF1ACDCB98001EC83E /* JCSelectItemViewController.h */,
				1A3E8C001ACDCB98001EC83E /* JCSelectItemViewController.m */,
				1A3E8C011ACDCB98001EC83E /* JCSelectItemViewController.xib */,
				1AD0281C1AD32A9B00C43FF7 /* JCTextContainerViewController.h */,
				1AD0281D1AD32A9B00C43FF7 /* JCTextContainerViewController.m */,
				1AD028211AD32BB100C43FF7 /* JCTextContainerViewController.xib */,
				1AD028241AD344B400C43FF7 /* JCFinalViewController.h */,
				1AD028251AD344B400C43FF7 /* JCFinalViewController.m */,
				1AD028271AD344C500C43FF7 /* JCFinalViewController.xib */,
			);
			path = ViewControllers;
			sourceTree = "<group>";
		};
		1A2610151AA64BA600FEBFDE /* Managers */ = {
			isa = PBXGroup;
			children = (
				1A2610161AA64BDE00FEBFDE /* CWLSynthesizeSingleton.h */,
				1A2610171AA64BF100FEBFDE /* NetworkManager.h */,
				1A2610181AA64BF100FEBFDE /* NetworkManager.m */,
				61DE0EAD1ADFDD90009D18C1 /* JiraConnector.h */,
				61DE0EAE1ADFDD90009D18C1 /* JiraConnector.m */,
			);
			path = Managers;
			sourceTree = "<group>";
		};
		1A26101F1AA8F70900FEBFDE /* Controls */ = {
			isa = PBXGroup;
			children = (
				1A2794D81AC0B33D0032633C /* JCTextField.h */,
				1A2794D91AC0B33D0032633C /* JCTextField.m */,
				1A3E8C041ACDEC52001EC83E /* JCButton.h */,
				1A3E8C051ACDEC52001EC83E /* JCButton.m */,
			);
			path = Controls;
			sourceTree = "<group>";
		};
		343DE364EDFA66E802916AF2 /* Frameworks */ = {
			isa = PBXGroup;
			children = (
				43298A5880ACC97D75A8C049 /* libPods.a */,
			);
			name = Frameworks;
			sourceTree = "<group>";
		};
		A4BF44288AF54F20C947EDD2 /* Pods */ = {
			isa = PBXGroup;
			children = (
				B8CFA4860989B0D4091B6DDB /* Pods.debug.xcconfig */,
				EA96EE0615B8BB876A6CD957 /* Pods.release.xcconfig */,
			);
			name = Pods;
			sourceTree = "<group>";
		};
/* End PBXGroup section */

/* Begin PBXNativeTarget section */
		1A260FE11AA4F2B900FEBFDE /* JiraConnector */ = {
			isa = PBXNativeTarget;
			buildConfigurationList = 1A2610051AA4F2B900FEBFDE /* Build configuration list for PBXNativeTarget "JiraConnector" */;
			buildPhases = (
				E3329DD44F4EF018896D00C6 /* Check Pods Manifest.lock */,
				1A260FDE1AA4F2B900FEBFDE /* Sources */,
				1A260FDF1AA4F2B900FEBFDE /* Frameworks */,
				1A260FE01AA4F2B900FEBFDE /* Resources */,
				2A2919783AB9923A5921C0B3 /* Copy Pods Resources */,
			);
			buildRules = (
			);
			dependencies = (
			);
			name = JiraConnector;
			productName = JiraConnector;
			productReference = 1A260FE21AA4F2B900FEBFDE /* JiraConnector.app */;
			productType = "com.apple.product-type.application";
		};
		1A260FFA1AA4F2B900FEBFDE /* JiraConnectorTests */ = {
			isa = PBXNativeTarget;
			buildConfigurationList = 1A2610081AA4F2B900FEBFDE /* Build configuration list for PBXNativeTarget "JiraConnectorTests" */;
			buildPhases = (
				1A260FF71AA4F2B900FEBFDE /* Sources */,
				1A260FF81AA4F2B900FEBFDE /* Frameworks */,
				1A260FF91AA4F2B900FEBFDE /* Resources */,
			);
			buildRules = (
			);
			dependencies = (
				1A260FFD1AA4F2B900FEBFDE /* PBXTargetDependency */,
			);
			name = JiraConnectorTests;
			productName = JiraConnectorTests;
			productReference = 1A260FFB1AA4F2B900FEBFDE /* JiraConnectorTests.xctest */;
			productType = "com.apple.product-type.bundle.unit-test";
		};
/* End PBXNativeTarget section */

/* Begin PBXProject section */
		1A260FDA1AA4F2B900FEBFDE /* Project object */ = {
			isa = PBXProject;
			attributes = {
				LastUpgradeCheck = 0610;
				ORGANIZATIONNAME = "Andrey Durbalo";
				TargetAttributes = {
					1A260FE11AA4F2B900FEBFDE = {
						CreatedOnToolsVersion = 6.1.1;
						DevelopmentTeam = JRKY2H8NHP;
					};
					1A260FFA1AA4F2B900FEBFDE = {
						CreatedOnToolsVersion = 6.1.1;
						DevelopmentTeam = JRKY2H8NHP;
						TestTargetID = 1A260FE11AA4F2B900FEBFDE;
					};
				};
			};
			buildConfigurationList = 1A260FDD1AA4F2B900FEBFDE /* Build configuration list for PBXProject "JiraConnector" */;
			compatibilityVersion = "Xcode 3.2";
			developmentRegion = English;
			hasScannedForEncodings = 0;
			knownRegions = (
				en,
				Base,
			);
			mainGroup = 1A260FD91AA4F2B900FEBFDE;
			productRefGroup = 1A260FE31AA4F2B900FEBFDE /* Products */;
			projectDirPath = "";
			projectRoot = "";
			targets = (
				1A260FE11AA4F2B900FEBFDE /* JiraConnector */,
				1A260FFA1AA4F2B900FEBFDE /* JiraConnectorTests */,
			);
		};
/* End PBXProject section */

/* Begin PBXResourcesBuildPhase section */
		1A260FE01AA4F2B900FEBFDE /* Resources */ = {
			isa = PBXResourcesBuildPhase;
			buildActionMask = 2147483647;
			files = (
				1A260FF11AA4F2B900FEBFDE /* Main.storyboard in Resources */,
				1A260FF61AA4F2B900FEBFDE /* LaunchScreen.xib in Resources */,
				1AD028221AD32BB100C43FF7 /* JCTextContainerViewController.xib in Resources */,
				1A26101E1AA8EBDA00FEBFDE /* JCCreateIssueViewController.xib in Resources */,
				1AE227841ACB4B3C00BF72B5 /* JCProjectsViewController.xib in Resources */,
				1A260FF31AA4F2B900FEBFDE /* Images.xcassets in Resources */,
				1A3E8C031ACDCB98001EC83E /* JCSelectItemViewController.xib in Resources */,
				1AD028281AD344C500C43FF7 /* JCFinalViewController.xib in Resources */,
				1A2610131AA6496000FEBFDE /* JCLoginViewController.xib in Resources */,
			);
			runOnlyForDeploymentPostprocessing = 0;
		};
		1A260FF91AA4F2B900FEBFDE /* Resources */ = {
			isa = PBXResourcesBuildPhase;
			buildActionMask = 2147483647;
			files = (
			);
			runOnlyForDeploymentPostprocessing = 0;
		};
/* End PBXResourcesBuildPhase section */

/* Begin PBXShellScriptBuildPhase section */
		2A2919783AB9923A5921C0B3 /* Copy Pods Resources */ = {
			isa = PBXShellScriptBuildPhase;
			buildActionMask = 2147483647;
			files = (
			);
			inputPaths = (
			);
			name = "Copy Pods Resources";
			outputPaths = (
			);
			runOnlyForDeploymentPostprocessing = 0;
			shellPath = /bin/sh;
			shellScript = "\"${SRCROOT}/Pods/Target Support Files/Pods/Pods-resources.sh\"\n";
			showEnvVarsInLog = 0;
		};
		E3329DD44F4EF018896D00C6 /* Check Pods Manifest.lock */ = {
			isa = PBXShellScriptBuildPhase;
			buildActionMask = 2147483647;
			files = (
			);
			inputPaths = (
			);
			name = "Check Pods Manifest.lock";
			outputPaths = (
			);
			runOnlyForDeploymentPostprocessing = 0;
			shellPath = /bin/sh;
			shellScript = "diff \"${PODS_ROOT}/../Podfile.lock\" \"${PODS_ROOT}/Manifest.lock\" > /dev/null\nif [[ $? != 0 ]] ; then\n    cat << EOM\nerror: The sandbox is not in sync with the Podfile.lock. Run 'pod install' or update your CocoaPods installation.\nEOM\n    exit 1\nfi\n";
			showEnvVarsInLog = 0;
		};
/* End PBXShellScriptBuildPhase section */

/* Begin PBXSourcesBuildPhase section */
		1A260FDE1AA4F2B900FEBFDE /* Sources */ = {
			isa = PBXSourcesBuildPhase;
			buildActionMask = 2147483647;
			files = (
				1A88E3221AB8A998008E7B76 /* User.m in Sources */,
				1A260FEE1AA4F2B900FEBFDE /* ViewController.m in Sources */,
				1A3E8C021ACDCB98001EC83E /* JCSelectItemViewController.m in Sources */,
				61DE0EAF1ADFDD90009D18C1 /* JiraConnector.m in Sources */,
				1A07CD131AAFC4A80051A98F /* AvatarUrls.m in Sources */,
				1A3E8BFE1ACDC78F001EC83E /* JCNavigationController.m in Sources */,
				1A3E8C061ACDEC52001EC83E /* JCButton.m in Sources */,
				1A07CD011AAF80980051A98F /* IssueType.m in Sources */,
				1A1660101AC9E65D00DB7C3F /* Version.m in Sources */,
				1A260FEB1AA4F2B900FEBFDE /* AppDelegate.m in Sources */,
				1A2794DA1AC0B33D0032633C /* JCTextField.m in Sources */,
				1AE227871ACB4FB700BF72B5 /* JCBaseViewController.m in Sources */,
				1A260FE81AA4F2B900FEBFDE /* main.m in Sources */,
				1A1FB31E1AB0FF7A00ED46B0 /* Priority.m in Sources */,
				1A16600D1AC9DD5900DB7C3F /* Component.m in Sources */,
				1AE227831ACB4B3C00BF72B5 /* JCProjectsViewController.m in Sources */,
				1A07CD071AAF9C8F0051A98F /* BaseModel.m in Sources */,
				1AA4E5421AC5DBC400F48CAD /* JCContentContainer.m in Sources */,
				1AD028261AD344B400C43FF7 /* JCFinalViewController.m in Sources */,
				1A2732CC1AC21DC90077238B /* Fields.m in Sources */,
				1A26101D1AA8EBDA00FEBFDE /* JCCreateIssueViewController.m in Sources */,
				1A2610191AA64BF100FEBFDE /* NetworkManager.m in Sources */,
				1A2732C91AC21A9B0077238B /* Issue.m in Sources */,
				1A07CD101AAFC0D10051A98F /* Project.m in Sources */,
				1AD0281E1AD32A9B00C43FF7 /* JCTextContainerViewController.m in Sources */,
				1A2610111AA6493B00FEBFDE /* JCLoginViewController.m in Sources */,
			);
			runOnlyForDeploymentPostprocessing = 0;
		};
		1A260FF71AA4F2B900FEBFDE /* Sources */ = {
			isa = PBXSourcesBuildPhase;
			buildActionMask = 2147483647;
			files = (
				1A2610021AA4F2B900FEBFDE /* JiraConnectorTests.m in Sources */,
			);
			runOnlyForDeploymentPostprocessing = 0;
		};
/* End PBXSourcesBuildPhase section */

/* Begin PBXTargetDependency section */
		1A260FFD1AA4F2B900FEBFDE /* PBXTargetDependency */ = {
			isa = PBXTargetDependency;
			target = 1A260FE11AA4F2B900FEBFDE /* JiraConnector */;
			targetProxy = 1A260FFC1AA4F2B900FEBFDE /* PBXContainerItemProxy */;
		};
/* End PBXTargetDependency section */

/* Begin PBXVariantGroup section */
		1A260FEF1AA4F2B900FEBFDE /* Main.storyboard */ = {
			isa = PBXVariantGroup;
			children = (
				1A260FF01AA4F2B900FEBFDE /* Base */,
			);
			name = Main.storyboard;
			sourceTree = "<group>";
		};
		1A260FF41AA4F2B900FEBFDE /* LaunchScreen.xib */ = {
			isa = PBXVariantGroup;
			children = (
				1A260FF51AA4F2B900FEBFDE /* Base */,
			);
			name = LaunchScreen.xib;
			sourceTree = "<group>";
		};
/* End PBXVariantGroup section */

/* Begin XCBuildConfiguration section */
		1A2610031AA4F2B900FEBFDE /* Debug */ = {
			isa = XCBuildConfiguration;
			buildSettings = {
				ALWAYS_SEARCH_USER_PATHS = NO;
				CLANG_CXX_LANGUAGE_STANDARD = "gnu++0x";
				CLANG_CXX_LIBRARY = "libc++";
				CLANG_ENABLE_MODULES = YES;
				CLANG_ENABLE_OBJC_ARC = YES;
				CLANG_WARN_BOOL_CONVERSION = YES;
				CLANG_WARN_CONSTANT_CONVERSION = YES;
				CLANG_WARN_DIRECT_OBJC_ISA_USAGE = YES_ERROR;
				CLANG_WARN_EMPTY_BODY = YES;
				CLANG_WARN_ENUM_CONVERSION = YES;
				CLANG_WARN_INT_CONVERSION = YES;
				CLANG_WARN_OBJC_ROOT_CLASS = YES_ERROR;
				CLANG_WARN_UNREACHABLE_CODE = YES;
				CLANG_WARN__DUPLICATE_METHOD_MATCH = YES;
				CODE_SIGN_IDENTITY = "iPhone Developer";
				"CODE_SIGN_IDENTITY[sdk=iphoneos*]" = "iPhone Developer";
				COPY_PHASE_STRIP = NO;
				ENABLE_STRICT_OBJC_MSGSEND = YES;
				GCC_C_LANGUAGE_STANDARD = gnu99;
				GCC_DYNAMIC_NO_PIC = NO;
				GCC_OPTIMIZATION_LEVEL = 0;
				GCC_PREPROCESSOR_DEFINITIONS = (
					"DEBUG=1",
					"$(inherited)",
				);
				GCC_SYMBOLS_PRIVATE_EXTERN = NO;
				GCC_WARN_64_TO_32_BIT_CONVERSION = YES;
				GCC_WARN_ABOUT_RETURN_TYPE = YES_ERROR;
				GCC_WARN_UNDECLARED_SELECTOR = YES;
				GCC_WARN_UNINITIALIZED_AUTOS = YES_AGGRESSIVE;
				GCC_WARN_UNUSED_FUNCTION = YES;
				GCC_WARN_UNUSED_VARIABLE = YES;
				IPHONEOS_DEPLOYMENT_TARGET = 8.1;
				MTL_ENABLE_DEBUG_INFO = YES;
				ONLY_ACTIVE_ARCH = YES;
				PROVISIONING_PROFILE = "72b102d7-88df-4b8f-8c87-78c029b4d638";
				SDKROOT = iphoneos;
				TARGETED_DEVICE_FAMILY = "1,2";
			};
			name = Debug;
		};
		1A2610041AA4F2B900FEBFDE /* Release */ = {
			isa = XCBuildConfiguration;
			buildSettings = {
				ALWAYS_SEARCH_USER_PATHS = NO;
				CLANG_CXX_LANGUAGE_STANDARD = "gnu++0x";
				CLANG_CXX_LIBRARY = "libc++";
				CLANG_ENABLE_MODULES = YES;
				CLANG_ENABLE_OBJC_ARC = YES;
				CLANG_WARN_BOOL_CONVERSION = YES;
				CLANG_WARN_CONSTANT_CONVERSION = YES;
				CLANG_WARN_DIRECT_OBJC_ISA_USAGE = YES_ERROR;
				CLANG_WARN_EMPTY_BODY = YES;
				CLANG_WARN_ENUM_CONVERSION = YES;
				CLANG_WARN_INT_CONVERSION = YES;
				CLANG_WARN_OBJC_ROOT_CLASS = YES_ERROR;
				CLANG_WARN_UNREACHABLE_CODE = YES;
				CLANG_WARN__DUPLICATE_METHOD_MATCH = YES;
				CODE_SIGN_IDENTITY = "iPhone Distribution";
				"CODE_SIGN_IDENTITY[sdk=iphoneos*]" = "iPhone Distribution";
				COPY_PHASE_STRIP = YES;
				ENABLE_NS_ASSERTIONS = NO;
				ENABLE_STRICT_OBJC_MSGSEND = YES;
				GCC_C_LANGUAGE_STANDARD = gnu99;
				GCC_WARN_64_TO_32_BIT_CONVERSION = YES;
				GCC_WARN_ABOUT_RETURN_TYPE = YES_ERROR;
				GCC_WARN_UNDECLARED_SELECTOR = YES;
				GCC_WARN_UNINITIALIZED_AUTOS = YES_AGGRESSIVE;
				GCC_WARN_UNUSED_FUNCTION = YES;
				GCC_WARN_UNUSED_VARIABLE = YES;
				IPHONEOS_DEPLOYMENT_TARGET = 8.1;
				MTL_ENABLE_DEBUG_INFO = NO;
				PROVISIONING_PROFILE = "72b102d7-88df-4b8f-8c87-78c029b4d638";
				SDKROOT = iphoneos;
				TARGETED_DEVICE_FAMILY = "1,2";
				VALIDATE_PRODUCT = YES;
			};
			name = Release;
		};
		1A2610061AA4F2B900FEBFDE /* Debug */ = {
			isa = XCBuildConfiguration;
			baseConfigurationReference = B8CFA4860989B0D4091B6DDB /* Pods.debug.xcconfig */;
			buildSettings = {
				ASSETCATALOG_COMPILER_APPICON_NAME = AppIcon;
				CODE_SIGN_IDENTITY = "iPhone Developer";
				"CODE_SIGN_IDENTITY[sdk=iphoneos*]" = "iPhone Developer";
				INFOPLIST_FILE = JiraConnector/Info.plist;
				IPHONEOS_DEPLOYMENT_TARGET = 7.0;
				LD_RUNPATH_SEARCH_PATHS = "$(inherited) @executable_path/Frameworks";
				PRODUCT_NAME = "$(TARGET_NAME)";
				PROVISIONING_PROFILE = "f9f4df7a-31c8-45d4-9786-67a0738ffc7f";
			};
			name = Debug;
		};
		1A2610071AA4F2B900FEBFDE /* Release */ = {
			isa = XCBuildConfiguration;
			baseConfigurationReference = EA96EE0615B8BB876A6CD957 /* Pods.release.xcconfig */;
			buildSettings = {
				ASSETCATALOG_COMPILER_APPICON_NAME = AppIcon;
				CODE_SIGN_IDENTITY = "iPhone Developer";
				"CODE_SIGN_IDENTITY[sdk=iphoneos*]" = "iPhone Developer";
				INFOPLIST_FILE = JiraConnector/Info.plist;
				IPHONEOS_DEPLOYMENT_TARGET = 7.0;
				LD_RUNPATH_SEARCH_PATHS = "$(inherited) @executable_path/Frameworks";
				PRODUCT_NAME = "$(TARGET_NAME)";
				PROVISIONING_PROFILE = "";
			};
			name = Release;
		};
		1A2610091AA4F2B900FEBFDE /* Debug */ = {
			isa = XCBuildConfiguration;
			buildSettings = {
				BUNDLE_LOADER = "$(TEST_HOST)";
				CODE_SIGN_IDENTITY = "iPhone Developer";
				"CODE_SIGN_IDENTITY[sdk=iphoneos*]" = "iPhone Developer";
				FRAMEWORK_SEARCH_PATHS = (
					"$(SDKROOT)/Developer/Library/Frameworks",
					"$(inherited)",
				);
				GCC_PREPROCESSOR_DEFINITIONS = (
					"DEBUG=1",
					"$(inherited)",
				);
				INFOPLIST_FILE = JiraConnectorTests/Info.plist;
				LD_RUNPATH_SEARCH_PATHS = "$(inherited) @executable_path/Frameworks @loader_path/Frameworks";
				PRODUCT_NAME = "$(TARGET_NAME)";
				PROVISIONING_PROFILE = "";
				TEST_HOST = "$(BUILT_PRODUCTS_DIR)/JiraConnector.app/JiraConnector";
			};
			name = Debug;
		};
		1A26100A1AA4F2B900FEBFDE /* Release */ = {
			isa = XCBuildConfiguration;
			buildSettings = {
				BUNDLE_LOADER = "$(TEST_HOST)";
				CODE_SIGN_IDENTITY = "iPhone Developer";
				"CODE_SIGN_IDENTITY[sdk=iphoneos*]" = "iPhone Developer";
				FRAMEWORK_SEARCH_PATHS = (
					"$(SDKROOT)/Developer/Library/Frameworks",
					"$(inherited)",
				);
				INFOPLIST_FILE = JiraConnectorTests/Info.plist;
				LD_RUNPATH_SEARCH_PATHS = "$(inherited) @executable_path/Frameworks @loader_path/Frameworks";
				PRODUCT_NAME = "$(TARGET_NAME)";
				PROVISIONING_PROFILE = "";
				TEST_HOST = "$(BUILT_PRODUCTS_DIR)/JiraConnector.app/JiraConnector";
			};
			name = Release;
		};
/* End XCBuildConfiguration section */

/* Begin XCConfigurationList section */
		1A260FDD1AA4F2B900FEBFDE /* Build configuration list for PBXProject "JiraConnector" */ = {
			isa = XCConfigurationList;
			buildConfigurations = (
				1A2610031AA4F2B900FEBFDE /* Debug */,
				1A2610041AA4F2B900FEBFDE /* Release */,
			);
			defaultConfigurationIsVisible = 0;
			defaultConfigurationName = Release;
		};
		1A2610051AA4F2B900FEBFDE /* Build configuration list for PBXNativeTarget "JiraConnector" */ = {
			isa = XCConfigurationList;
			buildConfigurations = (
				1A2610061AA4F2B900FEBFDE /* Debug */,
				1A2610071AA4F2B900FEBFDE /* Release */,
			);
			defaultConfigurationIsVisible = 0;
			defaultConfigurationName = Release;
		};
		1A2610081AA4F2B900FEBFDE /* Build configuration list for PBXNativeTarget "JiraConnectorTests" */ = {
			isa = XCConfigurationList;
			buildConfigurations = (
				1A2610091AA4F2B900FEBFDE /* Debug */,
				1A26100A1AA4F2B900FEBFDE /* Release */,
			);
			defaultConfigurationIsVisible = 0;
			defaultConfigurationName = Release;
		};
/* End XCConfigurationList section */
	};
	rootObject = 1A260FDA1AA4F2B900FEBFDE /* Project object */;
}
